PODS:
  - Alamofire (4.8.0)
  - Blockstack (0.5.4):
    - CryptoSwift
  - CryptoSwift (1.0.0)
  - SVProgressHUD (2.2.5)

DEPENDENCIES:
  - Alamofire (= 4.8.0)
  - Blockstack
  - SVProgressHUD

SPEC REPOS:
  https://github.com/cocoapods/specs.git:
    - Alamofire
    - Blockstack
    - CryptoSwift
    - SVProgressHUD

SPEC CHECKSUMS:
  Alamofire: 3ec537f71edc9804815215393ae2b1a8ea33a844
  Blockstack: 872c6a86c8fe80487f439966303dd2cb8d888603
  CryptoSwift: d81eeaa59dc5a8d03720fe919a6fd07b51f7439f
  SVProgressHUD: 1428aafac632c1f86f62aa4243ec12008d7a51d6

PODFILE CHECKSUM: 2177b6d1a7ac7b7115ee1e8f8070466e1c38f2f7

COCOAPODS: 1.6.1
