// !$*UTF8*$!
{
	archiveVersion = 1;
	classes = {
	};
	objectVersion = 50;
	objects = {

/* Begin PBXBuildFile section */
		0886B57A80C3DCD02F6C7B88 /* Pods_Lannister.framework in Frameworks */ = {isa = PBXBuildFile; fileRef = 58DA7B34CAF613A1E584131D /* Pods_Lannister.framework */; };
		653D70DD229EC54E000A4049 /* Parser.swift in Sources */ = {isa = PBXBuildFile; fileRef = 653D70DC229EC54E000A4049 /* Parser.swift */; };
		6550D4712284536F0059C643 /* NumberFormatter.swift in Sources */ = {isa = PBXBuildFile; fileRef = 6550D4702284536F0059C643 /* NumberFormatter.swift */; };
		657B69312284354500D7A5AF /* CurrenciesController.swift in Sources */ = {isa = PBXBuildFile; fileRef = 657B69302284354500D7A5AF /* CurrenciesController.swift */; };
		657B6933228436A800D7A5AF /* CurrencyCell.swift in Sources */ = {isa = PBXBuildFile; fileRef = 657B6932228436A800D7A5AF /* CurrencyCell.swift */; };
		65E95BEA229FCA6B00E9A442 /* db.xcdatamodeld in Sources */ = {isa = PBXBuildFile; fileRef = 65E95BE8229FCA6B00E9A442 /* db.xcdatamodeld */; };
		70072090227ADA3A003F3DEF /* SettingsCell.swift in Sources */ = {isa = PBXBuildFile; fileRef = 7007208F227ADA3A003F3DEF /* SettingsCell.swift */; };
		700BDDF7227A28F300276068 /* HoldingHeaderView.swift in Sources */ = {isa = PBXBuildFile; fileRef = 700BDDF6227A28F300276068 /* HoldingHeaderView.swift */; };
		700BDDF9227A297600276068 /* TransactionCell.swift in Sources */ = {isa = PBXBuildFile; fileRef = 700BDDF8227A297600276068 /* TransactionCell.swift */; };
		7016B4AA2282EBC3000C49B8 /* TransactionTypeCell.swift in Sources */ = {isa = PBXBuildFile; fileRef = 7016B4A92282EBC3000C49B8 /* TransactionTypeCell.swift */; };
		7016B4AD2283070B000C49B8 /* ApiManager.swift in Sources */ = {isa = PBXBuildFile; fileRef = 7016B4AC2283070B000C49B8 /* ApiManager.swift */; };
		7016B4AF22830737000C49B8 /* BaseApiService.swift in Sources */ = {isa = PBXBuildFile; fileRef = 7016B4AE22830737000C49B8 /* BaseApiService.swift */; };
		7016B4B12283076D000C49B8 /* CurrencyApiService.swift in Sources */ = {isa = PBXBuildFile; fileRef = 7016B4B02283076D000C49B8 /* CurrencyApiService.swift */; };
		7016B4B322830880000C49B8 /* Currency.swift in Sources */ = {isa = PBXBuildFile; fileRef = 7016B4B222830880000C49B8 /* Currency.swift */; };
		7016B4B522830B0E000C49B8 /* CurrencyDto.swift in Sources */ = {isa = PBXBuildFile; fileRef = 7016B4B422830B0E000C49B8 /* CurrencyDto.swift */; };
		702B2D19227F6832005C0B64 /* Holding.swift in Sources */ = {isa = PBXBuildFile; fileRef = 702B2D18227F6832005C0B64 /* Holding.swift */; };
		702B2D1B227F683F005C0B64 /* Transaction.swift in Sources */ = {isa = PBXBuildFile; fileRef = 702B2D1A227F683F005C0B64 /* Transaction.swift */; };
		702B2D23227F7CA1005C0B64 /* HoldingDto.swift in Sources */ = {isa = PBXBuildFile; fileRef = 702B2D22227F7CA1005C0B64 /* HoldingDto.swift */; };
		702B2D26227F9CAA005C0B64 /* Colors.swift in Sources */ = {isa = PBXBuildFile; fileRef = 702B2D25227F9CAA005C0B64 /* Colors.swift */; };
		70572CB92273A19500297421 /* LaunchController.swift in Sources */ = {isa = PBXBuildFile; fileRef = 70572CB82273A19500297421 /* LaunchController.swift */; };
		70572CBB2273A1A300297421 /* AuthController.swift in Sources */ = {isa = PBXBuildFile; fileRef = 70572CBA2273A1A300297421 /* AuthController.swift */; };
		70572CBD2273A1B400297421 /* DashboardController.swift in Sources */ = {isa = PBXBuildFile; fileRef = 70572CBC2273A1B400297421 /* DashboardController.swift */; };
		70572CBF2273A1D600297421 /* SettingsController.swift in Sources */ = {isa = PBXBuildFile; fileRef = 70572CBE2273A1D600297421 /* SettingsController.swift */; };
		70572CC12273A1E100297421 /* HoldingController.swift in Sources */ = {isa = PBXBuildFile; fileRef = 70572CC02273A1E100297421 /* HoldingController.swift */; };
		70572CC32273A25600297421 /* CreateHoldingController.swift in Sources */ = {isa = PBXBuildFile; fileRef = 70572CC22273A25600297421 /* CreateHoldingController.swift */; };
		70572CC52273A26F00297421 /* CreateTransactionController.swift in Sources */ = {isa = PBXBuildFile; fileRef = 70572CC42273A26F00297421 /* CreateTransactionController.swift */; };
		70572CC72273A28700297421 /* ColorCodesController.swift in Sources */ = {isa = PBXBuildFile; fileRef = 70572CC62273A28700297421 /* ColorCodesController.swift */; };
		70572CC92273A2A800297421 /* RootController.swift in Sources */ = {isa = PBXBuildFile; fileRef = 70572CC82273A2A800297421 /* RootController.swift */; };
		70572CCB227475E800297421 /* HoldingCell.swift in Sources */ = {isa = PBXBuildFile; fileRef = 70572CCA227475E800297421 /* HoldingCell.swift */; };
		70572CCD2274788D00297421 /* DashboardHeaderView.swift in Sources */ = {isa = PBXBuildFile; fileRef = 70572CCC2274788D00297421 /* DashboardHeaderView.swift */; };
		7073A69922806A6600049A2E /* TransactionNameCell.swift in Sources */ = {isa = PBXBuildFile; fileRef = 7073A69822806A6500049A2E /* TransactionNameCell.swift */; };
		7073A69B22806BAE00049A2E /* TransactionDto.swift in Sources */ = {isa = PBXBuildFile; fileRef = 7073A69A22806BAE00049A2E /* TransactionDto.swift */; };
		7073A6A12281FCFE00049A2E /* BioAccessController.swift in Sources */ = {isa = PBXBuildFile; fileRef = 7073A6A02281FCFE00049A2E /* BioAccessController.swift */; };
		707E5E432285C85E00D4ED33 /* CurrencyUserDefaults.swift in Sources */ = {isa = PBXBuildFile; fileRef = 707E5E422285C85E00D4ED33 /* CurrencyUserDefaults.swift */; };
		707E5E452285C95800D4ED33 /* Currencies.swift in Sources */ = {isa = PBXBuildFile; fileRef = 707E5E442285C95800D4ED33 /* Currencies.swift */; };
		707E5E492286C7D700D4ED33 /* DashboardTopCell.swift in Sources */ = {isa = PBXBuildFile; fileRef = 707E5E482286C7D700D4ED33 /* DashboardTopCell.swift */; };
		707FB20C22773DD1005B29A2 /* HoldingNameCell.swift in Sources */ = {isa = PBXBuildFile; fileRef = 707FB20B22773DD1005B29A2 /* HoldingNameCell.swift */; };
		707FB20E22773DE0005B29A2 /* TotalValueCell.swift in Sources */ = {isa = PBXBuildFile; fileRef = 707FB20D22773DE0005B29A2 /* TotalValueCell.swift */; };
		707FB21222773DF8005B29A2 /* ColorCodeCell.swift in Sources */ = {isa = PBXBuildFile; fileRef = 707FB21122773DF8005B29A2 /* ColorCodeCell.swift */; };
		70A6D05822C13FAC008F1F1A /* BioAccessController.swift in Sources */ = {isa = PBXBuildFile; fileRef = 7073A6A02281FCFE00049A2E /* BioAccessController.swift */; };
		70A6D05922C13FAC008F1F1A /* Holding.swift in Sources */ = {isa = PBXBuildFile; fileRef = 702B2D18227F6832005C0B64 /* Holding.swift */; };
		70A6D05A22C13FAC008F1F1A /* DonationsController.swift in Sources */ = {isa = PBXBuildFile; fileRef = 70FBB961228AF4700086E208 /* DonationsController.swift */; };
		70A6D05B22C13FAC008F1F1A /* HoldingDto.swift in Sources */ = {isa = PBXBuildFile; fileRef = 702B2D22227F7CA1005C0B64 /* HoldingDto.swift */; };
		70A6D05C22C13FAC008F1F1A /* Transaction.swift in Sources */ = {isa = PBXBuildFile; fileRef = 702B2D1A227F683F005C0B64 /* Transaction.swift */; };
		70A6D05D22C13FAC008F1F1A /* DonationCell.swift in Sources */ = {isa = PBXBuildFile; fileRef = 70FBB963228B01480086E208 /* DonationCell.swift */; };
		70A6D05E22C13FAC008F1F1A /* HoldingNameCell.swift in Sources */ = {isa = PBXBuildFile; fileRef = 707FB20B22773DD1005B29A2 /* HoldingNameCell.swift */; };
		70A6D05F22C13FAC008F1F1A /* NumberFormatter.swift in Sources */ = {isa = PBXBuildFile; fileRef = 6550D4702284536F0059C643 /* NumberFormatter.swift */; };
		70A6D06022C13FAC008F1F1A /* ColorCodeCustomCell.swift in Sources */ = {isa = PBXBuildFile; fileRef = 70AD5C3F22790E9D00A9E164 /* ColorCodeCustomCell.swift */; };
		70A6D06122C13FAC008F1F1A /* SettingsController.swift in Sources */ = {isa = PBXBuildFile; fileRef = 70572CBE2273A1D600297421 /* SettingsController.swift */; };
		70A6D06222C13FAC008F1F1A /* CreateTransactionController.swift in Sources */ = {isa = PBXBuildFile; fileRef = 70572CC42273A26F00297421 /* CreateTransactionController.swift */; };
		70A6D06322C13FAC008F1F1A /* RootController.swift in Sources */ = {isa = PBXBuildFile; fileRef = 70572CC82273A2A800297421 /* RootController.swift */; };
		70A6D06422C13FAC008F1F1A /* AuthController.swift in Sources */ = {isa = PBXBuildFile; fileRef = 70572CBA2273A1A300297421 /* AuthController.swift */; };
		70A6D06522C13FAC008F1F1A /* DashboardHeaderView.swift in Sources */ = {isa = PBXBuildFile; fileRef = 70572CCC2274788D00297421 /* DashboardHeaderView.swift */; };
		70A6D06622C13FAC008F1F1A /* HoldingHeaderView.swift in Sources */ = {isa = PBXBuildFile; fileRef = 700BDDF6227A28F300276068 /* HoldingHeaderView.swift */; };
		70A6D06722C13FAC008F1F1A /* HoldingCell.swift in Sources */ = {isa = PBXBuildFile; fileRef = 70572CCA227475E800297421 /* HoldingCell.swift */; };
		70A6D06822C13FAC008F1F1A /* CurrencyDto.swift in Sources */ = {isa = PBXBuildFile; fileRef = 7016B4B422830B0E000C49B8 /* CurrencyDto.swift */; };
		70A6D06922C13FAC008F1F1A /* CurrenciesController.swift in Sources */ = {isa = PBXBuildFile; fileRef = 657B69302284354500D7A5AF /* CurrenciesController.swift */; };
		70A6D06A22C13FAC008F1F1A /* HoldingTopCell.swift in Sources */ = {isa = PBXBuildFile; fileRef = 70FBB969228B14610086E208 /* HoldingTopCell.swift */; };
		70A6D06B22C13FAC008F1F1A /* ColorCodeCell.swift in Sources */ = {isa = PBXBuildFile; fileRef = 707FB21122773DF8005B29A2 /* ColorCodeCell.swift */; };
		70A6D06C22C13FAC008F1F1A /* HoldingController.swift in Sources */ = {isa = PBXBuildFile; fileRef = 70572CC02273A1E100297421 /* HoldingController.swift */; };
		70A6D06D22C13FAC008F1F1A /* CurrencyUserDefaults.swift in Sources */ = {isa = PBXBuildFile; fileRef = 707E5E422285C85E00D4ED33 /* CurrencyUserDefaults.swift */; };
		70A6D06E22C13FAC008F1F1A /* TotalValueCell.swift in Sources */ = {isa = PBXBuildFile; fileRef = 707FB20D22773DE0005B29A2 /* TotalValueCell.swift */; };
		70A6D06F22C13FAC008F1F1A /* Currencies.swift in Sources */ = {isa = PBXBuildFile; fileRef = 707E5E442285C95800D4ED33 /* Currencies.swift */; };
		70A6D07022C13FAC008F1F1A /* DashboardController.swift in Sources */ = {isa = PBXBuildFile; fileRef = 70572CBC2273A1B400297421 /* DashboardController.swift */; };
		70A6D07122C13FAC008F1F1A /* BlockstackApiService.swift in Sources */ = {isa = PBXBuildFile; fileRef = 70FBB965228B08790086E208 /* BlockstackApiService.swift */; };
		70A6D07222C13FAC008F1F1A /* SettingsCell.swift in Sources */ = {isa = PBXBuildFile; fileRef = 7007208F227ADA3A003F3DEF /* SettingsCell.swift */; };
		70A6D07322C13FAC008F1F1A /* ColorCodePresetCell.swift in Sources */ = {isa = PBXBuildFile; fileRef = 70AD5C4122790EB000A9E164 /* ColorCodePresetCell.swift */; };
		70A6D07422C13FAC008F1F1A /* BaseApiService.swift in Sources */ = {isa = PBXBuildFile; fileRef = 7016B4AE22830737000C49B8 /* BaseApiService.swift */; };
		70A6D07522C13FAC008F1F1A /* TransactionDto.swift in Sources */ = {isa = PBXBuildFile; fileRef = 7073A69A22806BAE00049A2E /* TransactionDto.swift */; };
		70A6D07622C13FAC008F1F1A /* CurrencyCell.swift in Sources */ = {isa = PBXBuildFile; fileRef = 657B6932228436A800D7A5AF /* CurrencyCell.swift */; };
		70A6D07722C13FAC008F1F1A /* Parser.swift in Sources */ = {isa = PBXBuildFile; fileRef = 653D70DC229EC54E000A4049 /* Parser.swift */; };
		70A6D07822C13FAC008F1F1A /* DashboardTopCell.swift in Sources */ = {isa = PBXBuildFile; fileRef = 707E5E482286C7D700D4ED33 /* DashboardTopCell.swift */; };
		70A6D07922C13FAC008F1F1A /* TransactionNameCell.swift in Sources */ = {isa = PBXBuildFile; fileRef = 7073A69822806A6500049A2E /* TransactionNameCell.swift */; };
		70A6D07A22C13FAC008F1F1A /* CreateHoldingController.swift in Sources */ = {isa = PBXBuildFile; fileRef = 70572CC22273A25600297421 /* CreateHoldingController.swift */; };
		70A6D07B22C13FAC008F1F1A /* CurrencyApiService.swift in Sources */ = {isa = PBXBuildFile; fileRef = 7016B4B02283076D000C49B8 /* CurrencyApiService.swift */; };
		70A6D07C22C13FAC008F1F1A /* Colors.swift in Sources */ = {isa = PBXBuildFile; fileRef = 702B2D25227F9CAA005C0B64 /* Colors.swift */; };
		70A6D07D22C13FAC008F1F1A /* LaunchController.swift in Sources */ = {isa = PBXBuildFile; fileRef = 70572CB82273A19500297421 /* LaunchController.swift */; };
		70A6D07E22C13FAC008F1F1A /* ColorCodesController.swift in Sources */ = {isa = PBXBuildFile; fileRef = 70572CC62273A28700297421 /* ColorCodesController.swift */; };
		70A6D07F22C13FAC008F1F1A /* TransactionCell.swift in Sources */ = {isa = PBXBuildFile; fileRef = 700BDDF8227A297600276068 /* TransactionCell.swift */; };
		70A6D08022C13FAC008F1F1A /* Currency.swift in Sources */ = {isa = PBXBuildFile; fileRef = 7016B4B222830880000C49B8 /* Currency.swift */; };
		70A6D08122C13FAC008F1F1A /* TransactionTypeCell.swift in Sources */ = {isa = PBXBuildFile; fileRef = 7016B4A92282EBC3000C49B8 /* TransactionTypeCell.swift */; };
		70A6D08222C13FAC008F1F1A /* ApiManager.swift in Sources */ = {isa = PBXBuildFile; fileRef = 7016B4AC2283070B000C49B8 /* ApiManager.swift */; };
		70A6D08322C13FAC008F1F1A /* AppDelegate.swift in Sources */ = {isa = PBXBuildFile; fileRef = 70E96B352272E7F700A5EB54 /* AppDelegate.swift */; };
		70A6D08422C13FAC008F1F1A /* db.xcdatamodeld in Sources */ = {isa = PBXBuildFile; fileRef = 65E95BE8229FCA6B00E9A442 /* db.xcdatamodeld */; };
		70A6D08822C13FAC008F1F1A /* LaunchScreen.storyboard in Resources */ = {isa = PBXBuildFile; fileRef = 70E96B3E2272E7F900A5EB54 /* LaunchScreen.storyboard */; };
		70A6D08922C13FAC008F1F1A /* Assets.xcassets in Resources */ = {isa = PBXBuildFile; fileRef = 70E96B3C2272E7F900A5EB54 /* Assets.xcassets */; };
		70A6D08A22C13FAC008F1F1A /* Main.storyboard in Resources */ = {isa = PBXBuildFile; fileRef = 70E96B392272E7F700A5EB54 /* Main.storyboard */; };
		70A6D09722C14BB5008F1F1A /* PortfolioRepository.swift in Sources */ = {isa = PBXBuildFile; fileRef = 70A6D09622C14BB5008F1F1A /* PortfolioRepository.swift */; };
		70A6D09822C14BB5008F1F1A /* PortfolioRepository.swift in Sources */ = {isa = PBXBuildFile; fileRef = 70A6D09622C14BB5008F1F1A /* PortfolioRepository.swift */; };
		70A6D09A22C14BD8008F1F1A /* Repository.swift in Sources */ = {isa = PBXBuildFile; fileRef = 70A6D09922C14BD8008F1F1A /* Repository.swift */; };
		70A6D09B22C14BD8008F1F1A /* Repository.swift in Sources */ = {isa = PBXBuildFile; fileRef = 70A6D09922C14BD8008F1F1A /* Repository.swift */; };
		70A6D09E22C14C1C008F1F1A /* PortfolioRepositoryImpl.swift in Sources */ = {isa = PBXBuildFile; fileRef = 70A6D09D22C14C1C008F1F1A /* PortfolioRepositoryImpl.swift */; };
		70A6D09F22C14C1C008F1F1A /* PortfolioRepositoryImpl.swift in Sources */ = {isa = PBXBuildFile; fileRef = 70A6D09D22C14C1C008F1F1A /* PortfolioRepositoryImpl.swift */; };
		70A6D0A222C14C6F008F1F1A /* PortfolioUseCase.swift in Sources */ = {isa = PBXBuildFile; fileRef = 70A6D0A122C14C6F008F1F1A /* PortfolioUseCase.swift */; };
		70A6D0A322C14C6F008F1F1A /* PortfolioUseCase.swift in Sources */ = {isa = PBXBuildFile; fileRef = 70A6D0A122C14C6F008F1F1A /* PortfolioUseCase.swift */; };
		70AD5C4022790E9D00A9E164 /* ColorCodeCustomCell.swift in Sources */ = {isa = PBXBuildFile; fileRef = 70AD5C3F22790E9D00A9E164 /* ColorCodeCustomCell.swift */; };
		70AD5C4222790EB000A9E164 /* ColorCodePresetCell.swift in Sources */ = {isa = PBXBuildFile; fileRef = 70AD5C4122790EB000A9E164 /* ColorCodePresetCell.swift */; };
		70D7F0B322D375A6004E8BAE /* ETHCreateHoldingController.swift in Sources */ = {isa = PBXBuildFile; fileRef = 70D7F0B222D375A6004E8BAE /* ETHCreateHoldingController.swift */; };
		70D7F0B422D375A6004E8BAE /* ETHCreateHoldingController.swift in Sources */ = {isa = PBXBuildFile; fileRef = 70D7F0B222D375A6004E8BAE /* ETHCreateHoldingController.swift */; };
		70D7F0B622D37AEC004E8BAE /* ETHCell.swift in Sources */ = {isa = PBXBuildFile; fileRef = 70D7F0B522D37AEC004E8BAE /* ETHCell.swift */; };
		70D7F0B722D37AEC004E8BAE /* ETHCell.swift in Sources */ = {isa = PBXBuildFile; fileRef = 70D7F0B522D37AEC004E8BAE /* ETHCell.swift */; };
		70D7F0B922D47903004E8BAE /* CustomQRCodeController.swift in Sources */ = {isa = PBXBuildFile; fileRef = 70D7F0B822D47903004E8BAE /* CustomQRCodeController.swift */; };
		70D7F0BA22D47903004E8BAE /* CustomQRCodeController.swift in Sources */ = {isa = PBXBuildFile; fileRef = 70D7F0B822D47903004E8BAE /* CustomQRCodeController.swift */; };
		70E96B362272E7F700A5EB54 /* AppDelegate.swift in Sources */ = {isa = PBXBuildFile; fileRef = 70E96B352272E7F700A5EB54 /* AppDelegate.swift */; };
		70E96B3B2272E7F700A5EB54 /* Main.storyboard in Resources */ = {isa = PBXBuildFile; fileRef = 70E96B392272E7F700A5EB54 /* Main.storyboard */; };
		70E96B3D2272E7F900A5EB54 /* Assets.xcassets in Resources */ = {isa = PBXBuildFile; fileRef = 70E96B3C2272E7F900A5EB54 /* Assets.xcassets */; };
		70E96B402272E7F900A5EB54 /* LaunchScreen.storyboard in Resources */ = {isa = PBXBuildFile; fileRef = 70E96B3E2272E7F900A5EB54 /* LaunchScreen.storyboard */; };
		70E96B4B2272E7F900A5EB54 /* LannisterTests.swift in Sources */ = {isa = PBXBuildFile; fileRef = 70E96B4A2272E7F900A5EB54 /* LannisterTests.swift */; };
		70E96B562272E7F900A5EB54 /* LannisterUITests.swift in Sources */ = {isa = PBXBuildFile; fileRef = 70E96B552272E7F900A5EB54 /* LannisterUITests.swift */; };
		70FBB962228AF4700086E208 /* DonationsController.swift in Sources */ = {isa = PBXBuildFile; fileRef = 70FBB961228AF4700086E208 /* DonationsController.swift */; };
		70FBB964228B01480086E208 /* DonationCell.swift in Sources */ = {isa = PBXBuildFile; fileRef = 70FBB963228B01480086E208 /* DonationCell.swift */; };
		70FBB966228B08790086E208 /* BlockstackApiService.swift in Sources */ = {isa = PBXBuildFile; fileRef = 70FBB965228B08790086E208 /* BlockstackApiService.swift */; };
		70FBB96A228B14610086E208 /* HoldingTopCell.swift in Sources */ = {isa = PBXBuildFile; fileRef = 70FBB969228B14610086E208 /* HoldingTopCell.swift */; };
		7674ADE78216BE424F07379C /* Pods_Lannister.framework in Frameworks */ = {isa = PBXBuildFile; fileRef = 58DA7B34CAF613A1E584131D /* Pods_Lannister.framework */; };
		A140793BDF04C82E7363B0E1 /* libPods-LannisterTests.a in Frameworks */ = {isa = PBXBuildFile; fileRef = 8E3B9FCBB19A0E6AEE19DB42 /* libPods-LannisterTests.a */; };
		AAC9B989BA06FF1AC2072206 /* libPods-LannisterUITests.a in Frameworks */ = {isa = PBXBuildFile; fileRef = 7DA3D20193A81C5CBB7B0C22 /* libPods-LannisterUITests.a */; };
		CD24E0C90E6B6EEECB315057 /* Pods_Lannister_Beta.framework in Frameworks */ = {isa = PBXBuildFile; fileRef = E49B1DFDEAD9E11624CD5F3E /* Pods_Lannister_Beta.framework */; };
/* End PBXBuildFile section */

/* Begin PBXContainerItemProxy section */
		70E96B472272E7F900A5EB54 /* PBXContainerItemProxy */ = {
			isa = PBXContainerItemProxy;
			containerPortal = 70E96B2A2272E7F700A5EB54 /* Project object */;
			proxyType = 1;
			remoteGlobalIDString = 70E96B312272E7F700A5EB54;
			remoteInfo = Lannister;
		};
		70E96B522272E7F900A5EB54 /* PBXContainerItemProxy */ = {
			isa = PBXContainerItemProxy;
			containerPortal = 70E96B2A2272E7F700A5EB54 /* Project object */;
			proxyType = 1;
			remoteGlobalIDString = 70E96B312272E7F700A5EB54;
			remoteInfo = Lannister;
		};
/* End PBXContainerItemProxy section */

/* Begin PBXFileReference section */
		2BEADF46EA2A6A926563CD08 /* Pods-Lannister Beta.release.xcconfig */ = {isa = PBXFileReference; includeInIndex = 1; lastKnownFileType = text.xcconfig; name = "Pods-Lannister Beta.release.xcconfig"; path = "Target Support Files/Pods-Lannister Beta/Pods-Lannister Beta.release.xcconfig"; sourceTree = "<group>"; };
		47B3E3B662D783585CF8FEEF /* Pods-LannisterTests.release.xcconfig */ = {isa = PBXFileReference; includeInIndex = 1; lastKnownFileType = text.xcconfig; name = "Pods-LannisterTests.release.xcconfig"; path = "Target Support Files/Pods-LannisterTests/Pods-LannisterTests.release.xcconfig"; sourceTree = "<group>"; };
		58DA7B34CAF613A1E584131D /* Pods_Lannister.framework */ = {isa = PBXFileReference; explicitFileType = wrapper.framework; includeInIndex = 0; path = Pods_Lannister.framework; sourceTree = BUILT_PRODUCTS_DIR; };
		653D70DC229EC54E000A4049 /* Parser.swift */ = {isa = PBXFileReference; lastKnownFileType = sourcecode.swift; path = Parser.swift; sourceTree = "<group>"; };
		6550D4702284536F0059C643 /* NumberFormatter.swift */ = {isa = PBXFileReference; lastKnownFileType = sourcecode.swift; path = NumberFormatter.swift; sourceTree = "<group>"; };
		657B69302284354500D7A5AF /* CurrenciesController.swift */ = {isa = PBXFileReference; lastKnownFileType = sourcecode.swift; path = CurrenciesController.swift; sourceTree = "<group>"; };
		657B6932228436A800D7A5AF /* CurrencyCell.swift */ = {isa = PBXFileReference; lastKnownFileType = sourcecode.swift; path = CurrencyCell.swift; sourceTree = "<group>"; };
		65E95BE9229FCA6B00E9A442 /* db.xcdatamodel */ = {isa = PBXFileReference; lastKnownFileType = wrapper.xcdatamodel; path = db.xcdatamodel; sourceTree = "<group>"; };
		6B7F6DB0CF0AE1E4D5DD38C4 /* Pods-LannisterTests.debug.xcconfig */ = {isa = PBXFileReference; includeInIndex = 1; lastKnownFileType = text.xcconfig; name = "Pods-LannisterTests.debug.xcconfig"; path = "Target Support Files/Pods-LannisterTests/Pods-LannisterTests.debug.xcconfig"; sourceTree = "<group>"; };
		7007208F227ADA3A003F3DEF /* SettingsCell.swift */ = {isa = PBXFileReference; lastKnownFileType = sourcecode.swift; path = SettingsCell.swift; sourceTree = "<group>"; };
		700BDDF6227A28F300276068 /* HoldingHeaderView.swift */ = {isa = PBXFileReference; lastKnownFileType = sourcecode.swift; path = HoldingHeaderView.swift; sourceTree = "<group>"; };
		700BDDF8227A297600276068 /* TransactionCell.swift */ = {isa = PBXFileReference; lastKnownFileType = sourcecode.swift; path = TransactionCell.swift; sourceTree = "<group>"; };
		7016B4A92282EBC3000C49B8 /* TransactionTypeCell.swift */ = {isa = PBXFileReference; lastKnownFileType = sourcecode.swift; path = TransactionTypeCell.swift; sourceTree = "<group>"; };
		7016B4AC2283070B000C49B8 /* ApiManager.swift */ = {isa = PBXFileReference; lastKnownFileType = sourcecode.swift; path = ApiManager.swift; sourceTree = "<group>"; };
		7016B4AE22830737000C49B8 /* BaseApiService.swift */ = {isa = PBXFileReference; lastKnownFileType = sourcecode.swift; path = BaseApiService.swift; sourceTree = "<group>"; };
		7016B4B02283076D000C49B8 /* CurrencyApiService.swift */ = {isa = PBXFileReference; lastKnownFileType = sourcecode.swift; path = CurrencyApiService.swift; sourceTree = "<group>"; };
		7016B4B222830880000C49B8 /* Currency.swift */ = {isa = PBXFileReference; lastKnownFileType = sourcecode.swift; path = Currency.swift; sourceTree = "<group>"; };
		7016B4B422830B0E000C49B8 /* CurrencyDto.swift */ = {isa = PBXFileReference; lastKnownFileType = sourcecode.swift; path = CurrencyDto.swift; sourceTree = "<group>"; };
		702B2D18227F6832005C0B64 /* Holding.swift */ = {isa = PBXFileReference; lastKnownFileType = sourcecode.swift; path = Holding.swift; sourceTree = "<group>"; };
		702B2D1A227F683F005C0B64 /* Transaction.swift */ = {isa = PBXFileReference; lastKnownFileType = sourcecode.swift; path = Transaction.swift; sourceTree = "<group>"; };
		702B2D22227F7CA1005C0B64 /* HoldingDto.swift */ = {isa = PBXFileReference; lastKnownFileType = sourcecode.swift; path = HoldingDto.swift; sourceTree = "<group>"; };
		702B2D25227F9CAA005C0B64 /* Colors.swift */ = {isa = PBXFileReference; lastKnownFileType = sourcecode.swift; path = Colors.swift; sourceTree = "<group>"; };
		70572CB82273A19500297421 /* LaunchController.swift */ = {isa = PBXFileReference; lastKnownFileType = sourcecode.swift; path = LaunchController.swift; sourceTree = "<group>"; };
		70572CBA2273A1A300297421 /* AuthController.swift */ = {isa = PBXFileReference; lastKnownFileType = sourcecode.swift; path = AuthController.swift; sourceTree = "<group>"; };
		70572CBC2273A1B400297421 /* DashboardController.swift */ = {isa = PBXFileReference; lastKnownFileType = sourcecode.swift; path = DashboardController.swift; sourceTree = "<group>"; };
		70572CBE2273A1D600297421 /* SettingsController.swift */ = {isa = PBXFileReference; lastKnownFileType = sourcecode.swift; path = SettingsController.swift; sourceTree = "<group>"; };
		70572CC02273A1E100297421 /* HoldingController.swift */ = {isa = PBXFileReference; lastKnownFileType = sourcecode.swift; path = HoldingController.swift; sourceTree = "<group>"; };
		70572CC22273A25600297421 /* CreateHoldingController.swift */ = {isa = PBXFileReference; lastKnownFileType = sourcecode.swift; path = CreateHoldingController.swift; sourceTree = "<group>"; };
		70572CC42273A26F00297421 /* CreateTransactionController.swift */ = {isa = PBXFileReference; lastKnownFileType = sourcecode.swift; path = CreateTransactionController.swift; sourceTree = "<group>"; };
		70572CC62273A28700297421 /* ColorCodesController.swift */ = {isa = PBXFileReference; lastKnownFileType = sourcecode.swift; path = ColorCodesController.swift; sourceTree = "<group>"; };
		70572CC82273A2A800297421 /* RootController.swift */ = {isa = PBXFileReference; lastKnownFileType = sourcecode.swift; path = RootController.swift; sourceTree = "<group>"; };
		70572CCA227475E800297421 /* HoldingCell.swift */ = {isa = PBXFileReference; lastKnownFileType = sourcecode.swift; path = HoldingCell.swift; sourceTree = "<group>"; };
		70572CCC2274788D00297421 /* DashboardHeaderView.swift */ = {isa = PBXFileReference; lastKnownFileType = sourcecode.swift; path = DashboardHeaderView.swift; sourceTree = "<group>"; };
		7073A69822806A6500049A2E /* TransactionNameCell.swift */ = {isa = PBXFileReference; lastKnownFileType = sourcecode.swift; path = TransactionNameCell.swift; sourceTree = "<group>"; };
		7073A69A22806BAE00049A2E /* TransactionDto.swift */ = {isa = PBXFileReference; lastKnownFileType = sourcecode.swift; path = TransactionDto.swift; sourceTree = "<group>"; };
		7073A6A02281FCFE00049A2E /* BioAccessController.swift */ = {isa = PBXFileReference; lastKnownFileType = sourcecode.swift; path = BioAccessController.swift; sourceTree = "<group>"; };
		707E5E422285C85E00D4ED33 /* CurrencyUserDefaults.swift */ = {isa = PBXFileReference; lastKnownFileType = sourcecode.swift; path = CurrencyUserDefaults.swift; sourceTree = "<group>"; };
		707E5E442285C95800D4ED33 /* Currencies.swift */ = {isa = PBXFileReference; lastKnownFileType = sourcecode.swift; path = Currencies.swift; sourceTree = "<group>"; };
		707E5E482286C7D700D4ED33 /* DashboardTopCell.swift */ = {isa = PBXFileReference; lastKnownFileType = sourcecode.swift; path = DashboardTopCell.swift; sourceTree = "<group>"; };
		707FB20B22773DD1005B29A2 /* HoldingNameCell.swift */ = {isa = PBXFileReference; lastKnownFileType = sourcecode.swift; path = HoldingNameCell.swift; sourceTree = "<group>"; };
		707FB20D22773DE0005B29A2 /* TotalValueCell.swift */ = {isa = PBXFileReference; lastKnownFileType = sourcecode.swift; path = TotalValueCell.swift; sourceTree = "<group>"; };
		707FB21122773DF8005B29A2 /* ColorCodeCell.swift */ = {isa = PBXFileReference; lastKnownFileType = sourcecode.swift; path = ColorCodeCell.swift; sourceTree = "<group>"; };
		70A6D09022C13FAC008F1F1A /* Lannister Beta.app */ = {isa = PBXFileReference; explicitFileType = wrapper.application; includeInIndex = 0; path = "Lannister Beta.app"; sourceTree = BUILT_PRODUCTS_DIR; };
		70A6D09222C14007008F1F1A /* Info-dev.plist */ = {isa = PBXFileReference; fileEncoding = 4; lastKnownFileType = text.plist.xml; path = "Info-dev.plist"; sourceTree = "<group>"; };
		70A6D09622C14BB5008F1F1A /* PortfolioRepository.swift */ = {isa = PBXFileReference; lastKnownFileType = sourcecode.swift; path = PortfolioRepository.swift; sourceTree = "<group>"; };
		70A6D09922C14BD8008F1F1A /* Repository.swift */ = {isa = PBXFileReference; lastKnownFileType = sourcecode.swift; path = Repository.swift; sourceTree = "<group>"; };
		70A6D09D22C14C1C008F1F1A /* PortfolioRepositoryImpl.swift */ = {isa = PBXFileReference; lastKnownFileType = sourcecode.swift; path = PortfolioRepositoryImpl.swift; sourceTree = "<group>"; };
		70A6D0A122C14C6F008F1F1A /* PortfolioUseCase.swift */ = {isa = PBXFileReference; lastKnownFileType = sourcecode.swift; path = PortfolioUseCase.swift; sourceTree = "<group>"; };
		70AD5C3F22790E9D00A9E164 /* ColorCodeCustomCell.swift */ = {isa = PBXFileReference; lastKnownFileType = sourcecode.swift; path = ColorCodeCustomCell.swift; sourceTree = "<group>"; };
		70AD5C4122790EB000A9E164 /* ColorCodePresetCell.swift */ = {isa = PBXFileReference; lastKnownFileType = sourcecode.swift; path = ColorCodePresetCell.swift; sourceTree = "<group>"; };
		70D7F0B222D375A6004E8BAE /* ETHCreateHoldingController.swift */ = {isa = PBXFileReference; lastKnownFileType = sourcecode.swift; path = ETHCreateHoldingController.swift; sourceTree = "<group>"; };
		70D7F0B522D37AEC004E8BAE /* ETHCell.swift */ = {isa = PBXFileReference; lastKnownFileType = sourcecode.swift; path = ETHCell.swift; sourceTree = "<group>"; };
		70D7F0B822D47903004E8BAE /* CustomQRCodeController.swift */ = {isa = PBXFileReference; lastKnownFileType = sourcecode.swift; path = CustomQRCodeController.swift; sourceTree = "<group>"; };
		70E96B322272E7F700A5EB54 /* Lannister.app */ = {isa = PBXFileReference; explicitFileType = wrapper.application; includeInIndex = 0; path = Lannister.app; sourceTree = BUILT_PRODUCTS_DIR; };
		70E96B352272E7F700A5EB54 /* AppDelegate.swift */ = {isa = PBXFileReference; lastKnownFileType = sourcecode.swift; path = AppDelegate.swift; sourceTree = "<group>"; };
		70E96B3A2272E7F700A5EB54 /* Base */ = {isa = PBXFileReference; lastKnownFileType = file.storyboard; name = Base; path = Base.lproj/Main.storyboard; sourceTree = "<group>"; };
		70E96B3C2272E7F900A5EB54 /* Assets.xcassets */ = {isa = PBXFileReference; lastKnownFileType = folder.assetcatalog; path = Assets.xcassets; sourceTree = "<group>"; };
		70E96B3F2272E7F900A5EB54 /* Base */ = {isa = PBXFileReference; lastKnownFileType = file.storyboard; name = Base; path = Base.lproj/LaunchScreen.storyboard; sourceTree = "<group>"; };
		70E96B412272E7F900A5EB54 /* Info.plist */ = {isa = PBXFileReference; lastKnownFileType = text.plist.xml; path = Info.plist; sourceTree = "<group>"; };
		70E96B462272E7F900A5EB54 /* LannisterTests.xctest */ = {isa = PBXFileReference; explicitFileType = wrapper.cfbundle; includeInIndex = 0; path = LannisterTests.xctest; sourceTree = BUILT_PRODUCTS_DIR; };
		70E96B4A2272E7F900A5EB54 /* LannisterTests.swift */ = {isa = PBXFileReference; lastKnownFileType = sourcecode.swift; path = LannisterTests.swift; sourceTree = "<group>"; };
		70E96B4C2272E7F900A5EB54 /* Info.plist */ = {isa = PBXFileReference; lastKnownFileType = text.plist.xml; path = Info.plist; sourceTree = "<group>"; };
		70E96B512272E7F900A5EB54 /* LannisterUITests.xctest */ = {isa = PBXFileReference; explicitFileType = wrapper.cfbundle; includeInIndex = 0; path = LannisterUITests.xctest; sourceTree = BUILT_PRODUCTS_DIR; };
		70E96B552272E7F900A5EB54 /* LannisterUITests.swift */ = {isa = PBXFileReference; lastKnownFileType = sourcecode.swift; path = LannisterUITests.swift; sourceTree = "<group>"; };
		70E96B572272E7F900A5EB54 /* Info.plist */ = {isa = PBXFileReference; lastKnownFileType = text.plist.xml; path = Info.plist; sourceTree = "<group>"; };
		70FBB961228AF4700086E208 /* DonationsController.swift */ = {isa = PBXFileReference; lastKnownFileType = sourcecode.swift; path = DonationsController.swift; sourceTree = "<group>"; };
		70FBB963228B01480086E208 /* DonationCell.swift */ = {isa = PBXFileReference; lastKnownFileType = sourcecode.swift; path = DonationCell.swift; sourceTree = "<group>"; };
		70FBB965228B08790086E208 /* BlockstackApiService.swift */ = {isa = PBXFileReference; lastKnownFileType = sourcecode.swift; path = BlockstackApiService.swift; sourceTree = "<group>"; };
		70FBB969228B14610086E208 /* HoldingTopCell.swift */ = {isa = PBXFileReference; lastKnownFileType = sourcecode.swift; path = HoldingTopCell.swift; sourceTree = "<group>"; };
		7DA3D20193A81C5CBB7B0C22 /* libPods-LannisterUITests.a */ = {isa = PBXFileReference; explicitFileType = archive.ar; includeInIndex = 0; path = "libPods-LannisterUITests.a"; sourceTree = BUILT_PRODUCTS_DIR; };
		884045C1090CD49292E75A83 /* Pods-Lannister.release.xcconfig */ = {isa = PBXFileReference; includeInIndex = 1; lastKnownFileType = text.xcconfig; name = "Pods-Lannister.release.xcconfig"; path = "Target Support Files/Pods-Lannister/Pods-Lannister.release.xcconfig"; sourceTree = "<group>"; };
		8E3B9FCBB19A0E6AEE19DB42 /* libPods-LannisterTests.a */ = {isa = PBXFileReference; explicitFileType = archive.ar; includeInIndex = 0; path = "libPods-LannisterTests.a"; sourceTree = BUILT_PRODUCTS_DIR; };
		986DDED2C135F4193BC8B943 /* Pods-LannisterUITests.debug.xcconfig */ = {isa = PBXFileReference; includeInIndex = 1; lastKnownFileType = text.xcconfig; name = "Pods-LannisterUITests.debug.xcconfig"; path = "Target Support Files/Pods-LannisterUITests/Pods-LannisterUITests.debug.xcconfig"; sourceTree = "<group>"; };
		B85A37E13DD7230EC18E5F9F /* Pods-Lannister Beta.debug.xcconfig */ = {isa = PBXFileReference; includeInIndex = 1; lastKnownFileType = text.xcconfig; name = "Pods-Lannister Beta.debug.xcconfig"; path = "Target Support Files/Pods-Lannister Beta/Pods-Lannister Beta.debug.xcconfig"; sourceTree = "<group>"; };
		BD3C1907A3685BF77BB6A161 /* Pods-Lannister.debug.xcconfig */ = {isa = PBXFileReference; includeInIndex = 1; lastKnownFileType = text.xcconfig; name = "Pods-Lannister.debug.xcconfig"; path = "Target Support Files/Pods-Lannister/Pods-Lannister.debug.xcconfig"; sourceTree = "<group>"; };
		C54D0B245B43BB9320917656 /* Pods-LannisterUITests.release.xcconfig */ = {isa = PBXFileReference; includeInIndex = 1; lastKnownFileType = text.xcconfig; name = "Pods-LannisterUITests.release.xcconfig"; path = "Target Support Files/Pods-LannisterUITests/Pods-LannisterUITests.release.xcconfig"; sourceTree = "<group>"; };
		E49B1DFDEAD9E11624CD5F3E /* Pods_Lannister_Beta.framework */ = {isa = PBXFileReference; explicitFileType = wrapper.framework; includeInIndex = 0; path = Pods_Lannister_Beta.framework; sourceTree = BUILT_PRODUCTS_DIR; };
/* End PBXFileReference section */

/* Begin PBXFrameworksBuildPhase section */
		70A6D08522C13FAC008F1F1A /* Frameworks */ = {
			isa = PBXFrameworksBuildPhase;
			buildActionMask = 2147483647;
			files = (
				CD24E0C90E6B6EEECB315057 /* Pods_Lannister_Beta.framework in Frameworks */,
			);
			runOnlyForDeploymentPostprocessing = 0;
		};
		70E96B2F2272E7F700A5EB54 /* Frameworks */ = {
			isa = PBXFrameworksBuildPhase;
			buildActionMask = 2147483647;
			files = (
				0886B57A80C3DCD02F6C7B88 /* Pods_Lannister.framework in Frameworks */,
				7674ADE78216BE424F07379C /* Pods_Lannister.framework in Frameworks */,
			);
			runOnlyForDeploymentPostprocessing = 0;
		};
		70E96B432272E7F900A5EB54 /* Frameworks */ = {
			isa = PBXFrameworksBuildPhase;
			buildActionMask = 2147483647;
			files = (
				A140793BDF04C82E7363B0E1 /* libPods-LannisterTests.a in Frameworks */,
			);
			runOnlyForDeploymentPostprocessing = 0;
		};
		70E96B4E2272E7F900A5EB54 /* Frameworks */ = {
			isa = PBXFrameworksBuildPhase;
			buildActionMask = 2147483647;
			files = (
				AAC9B989BA06FF1AC2072206 /* libPods-LannisterUITests.a in Frameworks */,
			);
			runOnlyForDeploymentPostprocessing = 0;
		};
/* End PBXFrameworksBuildPhase section */

/* Begin PBXGroup section */
		29DABE590C69861C677144B1 /* Pods */ = {
			isa = PBXGroup;
			children = (
				6B7F6DB0CF0AE1E4D5DD38C4 /* Pods-LannisterTests.debug.xcconfig */,
				47B3E3B662D783585CF8FEEF /* Pods-LannisterTests.release.xcconfig */,
				986DDED2C135F4193BC8B943 /* Pods-LannisterUITests.debug.xcconfig */,
				C54D0B245B43BB9320917656 /* Pods-LannisterUITests.release.xcconfig */,
				BD3C1907A3685BF77BB6A161 /* Pods-Lannister.debug.xcconfig */,
				884045C1090CD49292E75A83 /* Pods-Lannister.release.xcconfig */,
				B85A37E13DD7230EC18E5F9F /* Pods-Lannister Beta.debug.xcconfig */,
				2BEADF46EA2A6A926563CD08 /* Pods-Lannister Beta.release.xcconfig */,
			);
			path = Pods;
			sourceTree = "<group>";
		};
		40D2334B62B0997C7D5AB35B /* Frameworks */ = {
			isa = PBXGroup;
			children = (
				58DA7B34CAF613A1E584131D /* Pods_Lannister.framework */,
				E49B1DFDEAD9E11624CD5F3E /* Pods_Lannister_Beta.framework */,
				8E3B9FCBB19A0E6AEE19DB42 /* libPods-LannisterTests.a */,
				7DA3D20193A81C5CBB7B0C22 /* libPods-LannisterUITests.a */,
			);
			name = Frameworks;
			sourceTree = "<group>";
		};
		7016B4AB228306DB000C49B8 /* Services */ = {
			isa = PBXGroup;
			children = (
				7016B4AC2283070B000C49B8 /* ApiManager.swift */,
				7016B4AE22830737000C49B8 /* BaseApiService.swift */,
				7016B4B02283076D000C49B8 /* CurrencyApiService.swift */,
				70FBB965228B08790086E208 /* BlockstackApiService.swift */,
			);
			path = Services;
			sourceTree = "<group>";
		};
		702B2D12227F6745005C0B64 /* Data */ = {
			isa = PBXGroup;
			children = (
				65E95BE8229FCA6B00E9A442 /* db.xcdatamodeld */,
				702B2D21227F7C90005C0B64 /* Mappers */,
				702B2D13227F674A005C0B64 /* Models */,
				70A6D09C22C14C02008F1F1A /* Repositories Implementations */,
				7016B4AB228306DB000C49B8 /* Services */,
				707E5E412285C84100D4ED33 /* User defaults */,
			);
			path = Data;
			sourceTree = "<group>";
		};
		702B2D13227F674A005C0B64 /* Models */ = {
			isa = PBXGroup;
			children = (
				702B2D14227F6766005C0B64 /* Generated */,
			);
			path = Models;
			sourceTree = "<group>";
		};
		702B2D14227F6766005C0B64 /* Generated */ = {
			isa = PBXGroup;
			children = (
			);
			path = Generated;
			sourceTree = "<group>";
		};
		702B2D21227F7C90005C0B64 /* Mappers */ = {
			isa = PBXGroup;
			children = (
				7016B4B422830B0E000C49B8 /* CurrencyDto.swift */,
				702B2D22227F7CA1005C0B64 /* HoldingDto.swift */,
				7073A69A22806BAE00049A2E /* TransactionDto.swift */,
			);
			path = Mappers;
			sourceTree = "<group>";
		};
		702B2D24227F9C96005C0B64 /* Utilities */ = {
			isa = PBXGroup;
			children = (
				702B2D25227F9CAA005C0B64 /* Colors.swift */,
				7073A6A02281FCFE00049A2E /* BioAccessController.swift */,
				6550D4702284536F0059C643 /* NumberFormatter.swift */,
				707E5E442285C95800D4ED33 /* Currencies.swift */,
				653D70DC229EC54E000A4049 /* Parser.swift */,
			);
			path = Utilities;
			sourceTree = "<group>";
		};
		70572CB52273A14500297421 /* Controllers */ = {
			isa = PBXGroup;
			children = (
				70572CC82273A2A800297421 /* RootController.swift */,
				70572CB82273A19500297421 /* LaunchController.swift */,
				70572CBA2273A1A300297421 /* AuthController.swift */,
				70572CBC2273A1B400297421 /* DashboardController.swift */,
				70572CBE2273A1D600297421 /* SettingsController.swift */,
				70572CC02273A1E100297421 /* HoldingController.swift */,
				70572CC22273A25600297421 /* CreateHoldingController.swift */,
				70D7F0B222D375A6004E8BAE /* ETHCreateHoldingController.swift */,
				70572CC42273A26F00297421 /* CreateTransactionController.swift */,
				70572CC62273A28700297421 /* ColorCodesController.swift */,
				657B69302284354500D7A5AF /* CurrenciesController.swift */,
				70FBB961228AF4700086E208 /* DonationsController.swift */,
				70D7F0B822D47903004E8BAE /* CustomQRCodeController.swift */,
			);
			path = Controllers;
			sourceTree = "<group>";
		};
		70572CB62273A15100297421 /* Views */ = {
			isa = PBXGroup;
			children = (
				70572CCC2274788D00297421 /* DashboardHeaderView.swift */,
				707E5E482286C7D700D4ED33 /* DashboardTopCell.swift */,
				700BDDF6227A28F300276068 /* HoldingHeaderView.swift */,
				70572CCA227475E800297421 /* HoldingCell.swift */,
				707FB20B22773DD1005B29A2 /* HoldingNameCell.swift */,
				7073A69822806A6500049A2E /* TransactionNameCell.swift */,
				700BDDF8227A297600276068 /* TransactionCell.swift */,
				707FB20D22773DE0005B29A2 /* TotalValueCell.swift */,
				70FBB969228B14610086E208 /* HoldingTopCell.swift */,
				7016B4A92282EBC3000C49B8 /* TransactionTypeCell.swift */,
				707FB21122773DF8005B29A2 /* ColorCodeCell.swift */,
				70AD5C3F22790E9D00A9E164 /* ColorCodeCustomCell.swift */,
				70AD5C4122790EB000A9E164 /* ColorCodePresetCell.swift */,
				7007208F227ADA3A003F3DEF /* SettingsCell.swift */,
				657B6932228436A800D7A5AF /* CurrencyCell.swift */,
				70FBB963228B01480086E208 /* DonationCell.swift */,
				70D7F0B522D37AEC004E8BAE /* ETHCell.swift */,
			);
			path = Views;
			sourceTree = "<group>";
		};
		70572CB72273A15900297421 /* Entities */ = {
			isa = PBXGroup;
			children = (
				7016B4B222830880000C49B8 /* Currency.swift */,
				702B2D18227F6832005C0B64 /* Holding.swift */,
				702B2D1A227F683F005C0B64 /* Transaction.swift */,
			);
			path = Entities;
			sourceTree = "<group>";
		};
		707E5E412285C84100D4ED33 /* User defaults */ = {
			isa = PBXGroup;
			children = (
				707E5E422285C85E00D4ED33 /* CurrencyUserDefaults.swift */,
			);
			path = "User defaults";
			sourceTree = "<group>";
		};
		70A6D09422C14B79008F1F1A /* Domain */ = {
			isa = PBXGroup;
			children = (
				70572CB72273A15900297421 /* Entities */,
				70A6D09522C14B8A008F1F1A /* Repositories */,
				70A6D0A022C14C4C008F1F1A /* Use cases */,
			);
			path = Domain;
			sourceTree = "<group>";
		};
		70A6D09522C14B8A008F1F1A /* Repositories */ = {
			isa = PBXGroup;
			children = (
				70A6D09922C14BD8008F1F1A /* Repository.swift */,
				70A6D09622C14BB5008F1F1A /* PortfolioRepository.swift */,
			);
			path = Repositories;
			sourceTree = "<group>";
		};
		70A6D09C22C14C02008F1F1A /* Repositories Implementations */ = {
			isa = PBXGroup;
			children = (
				70A6D09D22C14C1C008F1F1A /* PortfolioRepositoryImpl.swift */,
			);
			path = "Repositories Implementations";
			sourceTree = "<group>";
		};
		70A6D0A022C14C4C008F1F1A /* Use cases */ = {
			isa = PBXGroup;
			children = (
				70A6D0A122C14C6F008F1F1A /* PortfolioUseCase.swift */,
			);
			path = "Use cases";
			sourceTree = "<group>";
		};
		70A6D0A422C15057008F1F1A /* App */ = {
			isa = PBXGroup;
			children = (
				70572CB52273A14500297421 /* Controllers */,
				70572CB62273A15100297421 /* Views */,
				702B2D24227F9C96005C0B64 /* Utilities */,
			);
			path = App;
			sourceTree = "<group>";
		};
		70E96B292272E7F700A5EB54 = {
			isa = PBXGroup;
			children = (
				70E96B342272E7F700A5EB54 /* Lannister */,
				70E96B492272E7F900A5EB54 /* LannisterTests */,
				70E96B542272E7F900A5EB54 /* LannisterUITests */,
				70E96B332272E7F700A5EB54 /* Products */,
				29DABE590C69861C677144B1 /* Pods */,
				40D2334B62B0997C7D5AB35B /* Frameworks */,
			);
			sourceTree = "<group>";
		};
		70E96B332272E7F700A5EB54 /* Products */ = {
			isa = PBXGroup;
			children = (
				70E96B322272E7F700A5EB54 /* Lannister.app */,
				70E96B462272E7F900A5EB54 /* LannisterTests.xctest */,
				70E96B512272E7F900A5EB54 /* LannisterUITests.xctest */,
				70A6D09022C13FAC008F1F1A /* Lannister Beta.app */,
			);
			name = Products;
			sourceTree = "<group>";
		};
		70E96B342272E7F700A5EB54 /* Lannister */ = {
			isa = PBXGroup;
			children = (
				70A6D0A422C15057008F1F1A /* App */,
				702B2D12227F6745005C0B64 /* Data */,
				70A6D09422C14B79008F1F1A /* Domain */,
				70E96B352272E7F700A5EB54 /* AppDelegate.swift */,
				70E96B392272E7F700A5EB54 /* Main.storyboard */,
				70E96B3C2272E7F900A5EB54 /* Assets.xcassets */,
				70E96B3E2272E7F900A5EB54 /* LaunchScreen.storyboard */,
				70E96B412272E7F900A5EB54 /* Info.plist */,
				70A6D09222C14007008F1F1A /* Info-dev.plist */,
			);
			path = Lannister;
			sourceTree = "<group>";
		};
		70E96B492272E7F900A5EB54 /* LannisterTests */ = {
			isa = PBXGroup;
			children = (
				70E96B4A2272E7F900A5EB54 /* LannisterTests.swift */,
				70E96B4C2272E7F900A5EB54 /* Info.plist */,
			);
			path = LannisterTests;
			sourceTree = "<group>";
		};
		70E96B542272E7F900A5EB54 /* LannisterUITests */ = {
			isa = PBXGroup;
			children = (
				70E96B552272E7F900A5EB54 /* LannisterUITests.swift */,
				70E96B572272E7F900A5EB54 /* Info.plist */,
			);
			path = LannisterUITests;
			sourceTree = "<group>";
		};
/* End PBXGroup section */

/* Begin PBXNativeTarget section */
		70A6D05522C13FAC008F1F1A /* Lannister Beta */ = {
			isa = PBXNativeTarget;
			buildConfigurationList = 70A6D08D22C13FAC008F1F1A /* Build configuration list for PBXNativeTarget "Lannister Beta" */;
			buildPhases = (
				9392A79BA68B6FBF2856CB14 /* [CP] Check Pods Manifest.lock */,
				70A6D05722C13FAC008F1F1A /* Sources */,
				70A6D08522C13FAC008F1F1A /* Frameworks */,
				70A6D08722C13FAC008F1F1A /* Resources */,
				70A6D08C22C13FAC008F1F1A /* ShellScript */,
				BF427FB69F6340B422A42378 /* [CP] Embed Pods Frameworks */,
			);
			buildRules = (
			);
			dependencies = (
			);
			name = "Lannister Beta";
			productName = Lannister;
			productReference = 70A6D09022C13FAC008F1F1A /* Lannister Beta.app */;
			productType = "com.apple.product-type.application";
		};
		70E96B312272E7F700A5EB54 /* Lannister */ = {
			isa = PBXNativeTarget;
			buildConfigurationList = 70E96B5A2272E7F900A5EB54 /* Build configuration list for PBXNativeTarget "Lannister" */;
			buildPhases = (
				2B2015CCE491AEDC9F43F8B4 /* [CP] Check Pods Manifest.lock */,
				70E96B2E2272E7F700A5EB54 /* Sources */,
				70E96B2F2272E7F700A5EB54 /* Frameworks */,
				70E96B302272E7F700A5EB54 /* Resources */,
				B56E350878F5845F0CB75CE6 /* [CP] Embed Pods Frameworks */,
				702B2D1C227F6889005C0B64 /* ShellScript */,
			);
			buildRules = (
			);
			dependencies = (
			);
			name = Lannister;
			productName = Lannister;
			productReference = 70E96B322272E7F700A5EB54 /* Lannister.app */;
			productType = "com.apple.product-type.application";
		};
		70E96B452272E7F900A5EB54 /* LannisterTests */ = {
			isa = PBXNativeTarget;
			buildConfigurationList = 70E96B5D2272E7F900A5EB54 /* Build configuration list for PBXNativeTarget "LannisterTests" */;
			buildPhases = (
				03FFFD2C9EB3B89BB84D5B66 /* [CP] Check Pods Manifest.lock */,
				70E96B422272E7F900A5EB54 /* Sources */,
				70E96B432272E7F900A5EB54 /* Frameworks */,
				70E96B442272E7F900A5EB54 /* Resources */,
			);
			buildRules = (
			);
			dependencies = (
				70E96B482272E7F900A5EB54 /* PBXTargetDependency */,
			);
			name = LannisterTests;
			productName = LannisterTests;
			productReference = 70E96B462272E7F900A5EB54 /* LannisterTests.xctest */;
			productType = "com.apple.product-type.bundle.unit-test";
		};
		70E96B502272E7F900A5EB54 /* LannisterUITests */ = {
			isa = PBXNativeTarget;
			buildConfigurationList = 70E96B602272E7F900A5EB54 /* Build configuration list for PBXNativeTarget "LannisterUITests" */;
			buildPhases = (
				AAF2164A70343FDBBD0481DA /* [CP] Check Pods Manifest.lock */,
				70E96B4D2272E7F900A5EB54 /* Sources */,
				70E96B4E2272E7F900A5EB54 /* Frameworks */,
				70E96B4F2272E7F900A5EB54 /* Resources */,
			);
			buildRules = (
			);
			dependencies = (
				70E96B532272E7F900A5EB54 /* PBXTargetDependency */,
			);
			name = LannisterUITests;
			productName = LannisterUITests;
			productReference = 70E96B512272E7F900A5EB54 /* LannisterUITests.xctest */;
			productType = "com.apple.product-type.bundle.ui-testing";
		};
/* End PBXNativeTarget section */

/* Begin PBXProject section */
		70E96B2A2272E7F700A5EB54 /* Project object */ = {
			isa = PBXProject;
			attributes = {
				LastSwiftUpdateCheck = 1020;
				LastUpgradeCheck = 1020;
				ORGANIZATIONNAME = "André Sousa";
				TargetAttributes = {
					70E96B312272E7F700A5EB54 = {
						CreatedOnToolsVersion = 10.2;
					};
					70E96B452272E7F900A5EB54 = {
						CreatedOnToolsVersion = 10.2;
						TestTargetID = 70E96B312272E7F700A5EB54;
					};
					70E96B502272E7F900A5EB54 = {
						CreatedOnToolsVersion = 10.2;
						TestTargetID = 70E96B312272E7F700A5EB54;
					};
				};
			};
			buildConfigurationList = 70E96B2D2272E7F700A5EB54 /* Build configuration list for PBXProject "Lannister" */;
			compatibilityVersion = "Xcode 9.3";
			developmentRegion = en;
			hasScannedForEncodings = 0;
			knownRegions = (
				en,
				Base,
			);
			mainGroup = 70E96B292272E7F700A5EB54;
			productRefGroup = 70E96B332272E7F700A5EB54 /* Products */;
			projectDirPath = "";
			projectRoot = "";
			targets = (
				70E96B312272E7F700A5EB54 /* Lannister */,
				70E96B452272E7F900A5EB54 /* LannisterTests */,
				70E96B502272E7F900A5EB54 /* LannisterUITests */,
				70A6D05522C13FAC008F1F1A /* Lannister Beta */,
			);
		};
/* End PBXProject section */

/* Begin PBXResourcesBuildPhase section */
		70A6D08722C13FAC008F1F1A /* Resources */ = {
			isa = PBXResourcesBuildPhase;
			buildActionMask = 2147483647;
			files = (
				70A6D08822C13FAC008F1F1A /* LaunchScreen.storyboard in Resources */,
				70A6D08922C13FAC008F1F1A /* Assets.xcassets in Resources */,
				70A6D08A22C13FAC008F1F1A /* Main.storyboard in Resources */,
			);
			runOnlyForDeploymentPostprocessing = 0;
		};
		70E96B302272E7F700A5EB54 /* Resources */ = {
			isa = PBXResourcesBuildPhase;
			buildActionMask = 2147483647;
			files = (
				70E96B402272E7F900A5EB54 /* LaunchScreen.storyboard in Resources */,
				70E96B3D2272E7F900A5EB54 /* Assets.xcassets in Resources */,
				70E96B3B2272E7F700A5EB54 /* Main.storyboard in Resources */,
			);
			runOnlyForDeploymentPostprocessing = 0;
		};
		70E96B442272E7F900A5EB54 /* Resources */ = {
			isa = PBXResourcesBuildPhase;
			buildActionMask = 2147483647;
			files = (
			);
			runOnlyForDeploymentPostprocessing = 0;
		};
		70E96B4F2272E7F900A5EB54 /* Resources */ = {
			isa = PBXResourcesBuildPhase;
			buildActionMask = 2147483647;
			files = (
			);
			runOnlyForDeploymentPostprocessing = 0;
		};
/* End PBXResourcesBuildPhase section */

/* Begin PBXShellScriptBuildPhase section */
		03FFFD2C9EB3B89BB84D5B66 /* [CP] Check Pods Manifest.lock */ = {
			isa = PBXShellScriptBuildPhase;
			buildActionMask = 2147483647;
			files = (
			);
			inputFileListPaths = (
			);
			inputPaths = (
				"${PODS_PODFILE_DIR_PATH}/Podfile.lock",
				"${PODS_ROOT}/Manifest.lock",
			);
			name = "[CP] Check Pods Manifest.lock";
			outputFileListPaths = (
			);
			outputPaths = (
				"$(DERIVED_FILE_DIR)/Pods-LannisterTests-checkManifestLockResult.txt",
			);
			runOnlyForDeploymentPostprocessing = 0;
			shellPath = /bin/sh;
			shellScript = "diff \"${PODS_PODFILE_DIR_PATH}/Podfile.lock\" \"${PODS_ROOT}/Manifest.lock\" > /dev/null\nif [ $? != 0 ] ; then\n    # print error to STDERR\n    echo \"error: The sandbox is not in sync with the Podfile.lock. Run 'pod install' or update your CocoaPods installation.\" >&2\n    exit 1\nfi\n# This output is used by Xcode 'outputs' to avoid re-running this script phase.\necho \"SUCCESS\" > \"${SCRIPT_OUTPUT_FILE_0}\"\n";
			showEnvVarsInLog = 0;
		};
		2B2015CCE491AEDC9F43F8B4 /* [CP] Check Pods Manifest.lock */ = {
			isa = PBXShellScriptBuildPhase;
			buildActionMask = 2147483647;
			files = (
			);
			inputFileListPaths = (
			);
			inputPaths = (
				"${PODS_PODFILE_DIR_PATH}/Podfile.lock",
				"${PODS_ROOT}/Manifest.lock",
			);
			name = "[CP] Check Pods Manifest.lock";
			outputFileListPaths = (
			);
			outputPaths = (
				"$(DERIVED_FILE_DIR)/Pods-Lannister-checkManifestLockResult.txt",
			);
			runOnlyForDeploymentPostprocessing = 0;
			shellPath = /bin/sh;
			shellScript = "diff \"${PODS_PODFILE_DIR_PATH}/Podfile.lock\" \"${PODS_ROOT}/Manifest.lock\" > /dev/null\nif [ $? != 0 ] ; then\n    # print error to STDERR\n    echo \"error: The sandbox is not in sync with the Podfile.lock. Run 'pod install' or update your CocoaPods installation.\" >&2\n    exit 1\nfi\n# This output is used by Xcode 'outputs' to avoid re-running this script phase.\necho \"SUCCESS\" > \"${SCRIPT_OUTPUT_FILE_0}\"\n";
			showEnvVarsInLog = 0;
		};
		702B2D1C227F6889005C0B64 /* ShellScript */ = {
			isa = PBXShellScriptBuildPhase;
			buildActionMask = 2147483647;
			files = (
			);
			inputFileListPaths = (
			);
			inputPaths = (
			);
			outputFileListPaths = (
			);
			outputPaths = (
			);
			runOnlyForDeploymentPostprocessing = 0;
			shellPath = /bin/sh;
			shellScript = "# Type a script or drag a script file from your workspace to insert its path.\nmogenerator -m Lannister/Data/db.xcdatamodeld/db.xcdatamodel -O Lannister/Data/Models/Generated --swift --template-var arc=true\n";
		};
		70A6D08C22C13FAC008F1F1A /* ShellScript */ = {
			isa = PBXShellScriptBuildPhase;
			buildActionMask = 2147483647;
			files = (
			);
			inputFileListPaths = (
			);
			inputPaths = (
			);
			outputFileListPaths = (
			);
			outputPaths = (
			);
			runOnlyForDeploymentPostprocessing = 0;
			shellPath = /bin/sh;
			shellScript = "# Type a script or drag a script file from your workspace to insert its path.\n# mogenerator -m Lannister/Data/db.xcdatamodeld/db.xcdatamodel -O Lannister/Data/Models/Generated --swift --template-var arc=true\n";
		};
		9392A79BA68B6FBF2856CB14 /* [CP] Check Pods Manifest.lock */ = {
			isa = PBXShellScriptBuildPhase;
			buildActionMask = 2147483647;
			files = (
			);
			inputFileListPaths = (
			);
			inputPaths = (
				"${PODS_PODFILE_DIR_PATH}/Podfile.lock",
				"${PODS_ROOT}/Manifest.lock",
			);
			name = "[CP] Check Pods Manifest.lock";
			outputFileListPaths = (
			);
			outputPaths = (
				"$(DERIVED_FILE_DIR)/Pods-Lannister Beta-checkManifestLockResult.txt",
			);
			runOnlyForDeploymentPostprocessing = 0;
			shellPath = /bin/sh;
			shellScript = "diff \"${PODS_PODFILE_DIR_PATH}/Podfile.lock\" \"${PODS_ROOT}/Manifest.lock\" > /dev/null\nif [ $? != 0 ] ; then\n    # print error to STDERR\n    echo \"error: The sandbox is not in sync with the Podfile.lock. Run 'pod install' or update your CocoaPods installation.\" >&2\n    exit 1\nfi\n# This output is used by Xcode 'outputs' to avoid re-running this script phase.\necho \"SUCCESS\" > \"${SCRIPT_OUTPUT_FILE_0}\"\n";
			showEnvVarsInLog = 0;
		};
		AAF2164A70343FDBBD0481DA /* [CP] Check Pods Manifest.lock */ = {
			isa = PBXShellScriptBuildPhase;
			buildActionMask = 2147483647;
			files = (
			);
			inputFileListPaths = (
			);
			inputPaths = (
				"${PODS_PODFILE_DIR_PATH}/Podfile.lock",
				"${PODS_ROOT}/Manifest.lock",
			);
			name = "[CP] Check Pods Manifest.lock";
			outputFileListPaths = (
			);
			outputPaths = (
				"$(DERIVED_FILE_DIR)/Pods-LannisterUITests-checkManifestLockResult.txt",
			);
			runOnlyForDeploymentPostprocessing = 0;
			shellPath = /bin/sh;
			shellScript = "diff \"${PODS_PODFILE_DIR_PATH}/Podfile.lock\" \"${PODS_ROOT}/Manifest.lock\" > /dev/null\nif [ $? != 0 ] ; then\n    # print error to STDERR\n    echo \"error: The sandbox is not in sync with the Podfile.lock. Run 'pod install' or update your CocoaPods installation.\" >&2\n    exit 1\nfi\n# This output is used by Xcode 'outputs' to avoid re-running this script phase.\necho \"SUCCESS\" > \"${SCRIPT_OUTPUT_FILE_0}\"\n";
			showEnvVarsInLog = 0;
		};
		B56E350878F5845F0CB75CE6 /* [CP] Embed Pods Frameworks */ = {
			isa = PBXShellScriptBuildPhase;
			buildActionMask = 2147483647;
			files = (
			);
			inputFileListPaths = (
			);
			inputPaths = (
				"${PODS_ROOT}/Target Support Files/Pods-Lannister/Pods-Lannister-frameworks.sh",
				"${BUILT_PRODUCTS_DIR}/Alamofire/Alamofire.framework",
				"${BUILT_PRODUCTS_DIR}/BigInt/BigInt.framework",
				"${BUILT_PRODUCTS_DIR}/BiometricAuthentication/BiometricAuthentication.framework",
				"${BUILT_PRODUCTS_DIR}/Blockstack/Blockstack.framework",
				"${BUILT_PRODUCTS_DIR}/Charts/Charts.framework",
				"${BUILT_PRODUCTS_DIR}/CryptoSwift/CryptoSwift.framework",
				"${BUILT_PRODUCTS_DIR}/Groot/Groot.framework",
				"${BUILT_PRODUCTS_DIR}/MagicalRecord/MagicalRecord.framework",
				"${BUILT_PRODUCTS_DIR}/PromiseKit/PromiseKit.framework",
				"${BUILT_PRODUCTS_DIR}/QRCodeReader.swift/QRCodeReader.framework",
				"${BUILT_PRODUCTS_DIR}/SVProgressHUD/SVProgressHUD.framework",
				"${BUILT_PRODUCTS_DIR}/SipHash/SipHash.framework",
				"${BUILT_PRODUCTS_DIR}/Starscream/Starscream.framework",
				"${BUILT_PRODUCTS_DIR}/secp256k1.c/secp256k1.framework",
				"${BUILT_PRODUCTS_DIR}/web3swift/web3swift.framework",
			);
			name = "[CP] Embed Pods Frameworks";
			outputFileListPaths = (
			);
			outputPaths = (
				"${TARGET_BUILD_DIR}/${FRAMEWORKS_FOLDER_PATH}/Alamofire.framework",
				"${TARGET_BUILD_DIR}/${FRAMEWORKS_FOLDER_PATH}/BigInt.framework",
				"${TARGET_BUILD_DIR}/${FRAMEWORKS_FOLDER_PATH}/BiometricAuthentication.framework",
				"${TARGET_BUILD_DIR}/${FRAMEWORKS_FOLDER_PATH}/Blockstack.framework",
				"${TARGET_BUILD_DIR}/${FRAMEWORKS_FOLDER_PATH}/Charts.framework",
				"${TARGET_BUILD_DIR}/${FRAMEWORKS_FOLDER_PATH}/CryptoSwift.framework",
				"${TARGET_BUILD_DIR}/${FRAMEWORKS_FOLDER_PATH}/Groot.framework",
				"${TARGET_BUILD_DIR}/${FRAMEWORKS_FOLDER_PATH}/MagicalRecord.framework",
				"${TARGET_BUILD_DIR}/${FRAMEWORKS_FOLDER_PATH}/PromiseKit.framework",
				"${TARGET_BUILD_DIR}/${FRAMEWORKS_FOLDER_PATH}/QRCodeReader.framework",
				"${TARGET_BUILD_DIR}/${FRAMEWORKS_FOLDER_PATH}/SVProgressHUD.framework",
				"${TARGET_BUILD_DIR}/${FRAMEWORKS_FOLDER_PATH}/SipHash.framework",
				"${TARGET_BUILD_DIR}/${FRAMEWORKS_FOLDER_PATH}/Starscream.framework",
				"${TARGET_BUILD_DIR}/${FRAMEWORKS_FOLDER_PATH}/secp256k1.framework",
				"${TARGET_BUILD_DIR}/${FRAMEWORKS_FOLDER_PATH}/web3swift.framework",
			);
			runOnlyForDeploymentPostprocessing = 0;
			shellPath = /bin/sh;
			shellScript = "\"${PODS_ROOT}/Target Support Files/Pods-Lannister/Pods-Lannister-frameworks.sh\"\n";
			showEnvVarsInLog = 0;
		};
		BF427FB69F6340B422A42378 /* [CP] Embed Pods Frameworks */ = {
			isa = PBXShellScriptBuildPhase;
			buildActionMask = 2147483647;
			files = (
			);
			inputFileListPaths = (
			);
			inputPaths = (
				"${PODS_ROOT}/Target Support Files/Pods-Lannister Beta/Pods-Lannister Beta-frameworks.sh",
				"${BUILT_PRODUCTS_DIR}/Alamofire/Alamofire.framework",
				"${BUILT_PRODUCTS_DIR}/BigInt/BigInt.framework",
				"${BUILT_PRODUCTS_DIR}/BiometricAuthentication/BiometricAuthentication.framework",
				"${BUILT_PRODUCTS_DIR}/Blockstack/Blockstack.framework",
				"${BUILT_PRODUCTS_DIR}/Charts/Charts.framework",
				"${BUILT_PRODUCTS_DIR}/CryptoSwift/CryptoSwift.framework",
				"${BUILT_PRODUCTS_DIR}/Groot/Groot.framework",
				"${BUILT_PRODUCTS_DIR}/MagicalRecord/MagicalRecord.framework",
				"${BUILT_PRODUCTS_DIR}/PromiseKit/PromiseKit.framework",
				"${BUILT_PRODUCTS_DIR}/QRCodeReader.swift/QRCodeReader.framework",
				"${BUILT_PRODUCTS_DIR}/SVProgressHUD/SVProgressHUD.framework",
				"${BUILT_PRODUCTS_DIR}/SipHash/SipHash.framework",
				"${BUILT_PRODUCTS_DIR}/Starscream/Starscream.framework",
				"${BUILT_PRODUCTS_DIR}/secp256k1.c/secp256k1.framework",
				"${BUILT_PRODUCTS_DIR}/web3swift/web3swift.framework",
			);
			name = "[CP] Embed Pods Frameworks";
			outputFileListPaths = (
			);
			outputPaths = (
				"${TARGET_BUILD_DIR}/${FRAMEWORKS_FOLDER_PATH}/Alamofire.framework",
				"${TARGET_BUILD_DIR}/${FRAMEWORKS_FOLDER_PATH}/BigInt.framework",
				"${TARGET_BUILD_DIR}/${FRAMEWORKS_FOLDER_PATH}/BiometricAuthentication.framework",
				"${TARGET_BUILD_DIR}/${FRAMEWORKS_FOLDER_PATH}/Blockstack.framework",
				"${TARGET_BUILD_DIR}/${FRAMEWORKS_FOLDER_PATH}/Charts.framework",
				"${TARGET_BUILD_DIR}/${FRAMEWORKS_FOLDER_PATH}/CryptoSwift.framework",
				"${TARGET_BUILD_DIR}/${FRAMEWORKS_FOLDER_PATH}/Groot.framework",
				"${TARGET_BUILD_DIR}/${FRAMEWORKS_FOLDER_PATH}/MagicalRecord.framework",
				"${TARGET_BUILD_DIR}/${FRAMEWORKS_FOLDER_PATH}/PromiseKit.framework",
				"${TARGET_BUILD_DIR}/${FRAMEWORKS_FOLDER_PATH}/QRCodeReader.framework",
				"${TARGET_BUILD_DIR}/${FRAMEWORKS_FOLDER_PATH}/SVProgressHUD.framework",
				"${TARGET_BUILD_DIR}/${FRAMEWORKS_FOLDER_PATH}/SipHash.framework",
				"${TARGET_BUILD_DIR}/${FRAMEWORKS_FOLDER_PATH}/Starscream.framework",
				"${TARGET_BUILD_DIR}/${FRAMEWORKS_FOLDER_PATH}/secp256k1.framework",
				"${TARGET_BUILD_DIR}/${FRAMEWORKS_FOLDER_PATH}/web3swift.framework",
			);
			runOnlyForDeploymentPostprocessing = 0;
			shellPath = /bin/sh;
			shellScript = "\"${PODS_ROOT}/Target Support Files/Pods-Lannister Beta/Pods-Lannister Beta-frameworks.sh\"\n";
			showEnvVarsInLog = 0;
		};
/* End PBXShellScriptBuildPhase section */

/* Begin PBXSourcesBuildPhase section */
		70A6D05722C13FAC008F1F1A /* Sources */ = {
			isa = PBXSourcesBuildPhase;
			buildActionMask = 2147483647;
			files = (
				70A6D05822C13FAC008F1F1A /* BioAccessController.swift in Sources */,
				70A6D05922C13FAC008F1F1A /* Holding.swift in Sources */,
				70A6D05A22C13FAC008F1F1A /* DonationsController.swift in Sources */,
				70A6D05B22C13FAC008F1F1A /* HoldingDto.swift in Sources */,
				70A6D05C22C13FAC008F1F1A /* Transaction.swift in Sources */,
				70A6D05D22C13FAC008F1F1A /* DonationCell.swift in Sources */,
				70A6D05E22C13FAC008F1F1A /* HoldingNameCell.swift in Sources */,
				70A6D05F22C13FAC008F1F1A /* NumberFormatter.swift in Sources */,
				70D7F0BA22D47903004E8BAE /* CustomQRCodeController.swift in Sources */,
				70D7F0B422D375A6004E8BAE /* ETHCreateHoldingController.swift in Sources */,
				70A6D06022C13FAC008F1F1A /* ColorCodeCustomCell.swift in Sources */,
				70A6D06122C13FAC008F1F1A /* SettingsController.swift in Sources */,
				70A6D06222C13FAC008F1F1A /* CreateTransactionController.swift in Sources */,
				70A6D06322C13FAC008F1F1A /* RootController.swift in Sources */,
				70A6D06422C13FAC008F1F1A /* AuthController.swift in Sources */,
				70A6D06522C13FAC008F1F1A /* DashboardHeaderView.swift in Sources */,
				70A6D06622C13FAC008F1F1A /* HoldingHeaderView.swift in Sources */,
				70A6D06722C13FAC008F1F1A /* HoldingCell.swift in Sources */,
				70A6D06822C13FAC008F1F1A /* CurrencyDto.swift in Sources */,
				70A6D09B22C14BD8008F1F1A /* Repository.swift in Sources */,
				70A6D06922C13FAC008F1F1A /* CurrenciesController.swift in Sources */,
				70A6D06A22C13FAC008F1F1A /* HoldingTopCell.swift in Sources */,
				70A6D06B22C13FAC008F1F1A /* ColorCodeCell.swift in Sources */,
				70A6D06C22C13FAC008F1F1A /* HoldingController.swift in Sources */,
				70A6D06D22C13FAC008F1F1A /* CurrencyUserDefaults.swift in Sources */,
				70A6D06E22C13FAC008F1F1A /* TotalValueCell.swift in Sources */,
				70A6D09F22C14C1C008F1F1A /* PortfolioRepositoryImpl.swift in Sources */,
				70A6D06F22C13FAC008F1F1A /* Currencies.swift in Sources */,
				70A6D07022C13FAC008F1F1A /* DashboardController.swift in Sources */,
				70A6D07122C13FAC008F1F1A /* BlockstackApiService.swift in Sources */,
				70A6D07222C13FAC008F1F1A /* SettingsCell.swift in Sources */,
				70A6D07322C13FAC008F1F1A /* ColorCodePresetCell.swift in Sources */,
				70A6D07422C13FAC008F1F1A /* BaseApiService.swift in Sources */,
				70A6D07522C13FAC008F1F1A /* TransactionDto.swift in Sources */,
				70A6D07622C13FAC008F1F1A /* CurrencyCell.swift in Sources */,
				70A6D07722C13FAC008F1F1A /* Parser.swift in Sources */,
				70A6D0A322C14C6F008F1F1A /* PortfolioUseCase.swift in Sources */,
				70A6D09822C14BB5008F1F1A /* PortfolioRepository.swift in Sources */,
				70A6D07822C13FAC008F1F1A /* DashboardTopCell.swift in Sources */,
				70A6D07922C13FAC008F1F1A /* TransactionNameCell.swift in Sources */,
				70A6D07A22C13FAC008F1F1A /* CreateHoldingController.swift in Sources */,
				70A6D07B22C13FAC008F1F1A /* CurrencyApiService.swift in Sources */,
				70A6D07C22C13FAC008F1F1A /* Colors.swift in Sources */,
				70A6D07D22C13FAC008F1F1A /* LaunchController.swift in Sources */,
				70A6D07E22C13FAC008F1F1A /* ColorCodesController.swift in Sources */,
				70A6D07F22C13FAC008F1F1A /* TransactionCell.swift in Sources */,
				70A6D08022C13FAC008F1F1A /* Currency.swift in Sources */,
				70A6D08122C13FAC008F1F1A /* TransactionTypeCell.swift in Sources */,
				70A6D08222C13FAC008F1F1A /* ApiManager.swift in Sources */,
				70D7F0B722D37AEC004E8BAE /* ETHCell.swift in Sources */,
				70A6D08322C13FAC008F1F1A /* AppDelegate.swift in Sources */,
				70A6D08422C13FAC008F1F1A /* db.xcdatamodeld in Sources */,
			);
			runOnlyForDeploymentPostprocessing = 0;
		};
		70E96B2E2272E7F700A5EB54 /* Sources */ = {
			isa = PBXSourcesBuildPhase;
			buildActionMask = 2147483647;
			files = (
				7073A6A12281FCFE00049A2E /* BioAccessController.swift in Sources */,
				702B2D19227F6832005C0B64 /* Holding.swift in Sources */,
				70FBB962228AF4700086E208 /* DonationsController.swift in Sources */,
				702B2D23227F7CA1005C0B64 /* HoldingDto.swift in Sources */,
				702B2D1B227F683F005C0B64 /* Transaction.swift in Sources */,
				70FBB964228B01480086E208 /* DonationCell.swift in Sources */,
				707FB20C22773DD1005B29A2 /* HoldingNameCell.swift in Sources */,
				6550D4712284536F0059C643 /* NumberFormatter.swift in Sources */,
				70D7F0B922D47903004E8BAE /* CustomQRCodeController.swift in Sources */,
				70D7F0B322D375A6004E8BAE /* ETHCreateHoldingController.swift in Sources */,
				70AD5C4022790E9D00A9E164 /* ColorCodeCustomCell.swift in Sources */,
				70572CBF2273A1D600297421 /* SettingsController.swift in Sources */,
				70572CC52273A26F00297421 /* CreateTransactionController.swift in Sources */,
				70572CC92273A2A800297421 /* RootController.swift in Sources */,
				70572CBB2273A1A300297421 /* AuthController.swift in Sources */,
				70572CCD2274788D00297421 /* DashboardHeaderView.swift in Sources */,
				700BDDF7227A28F300276068 /* HoldingHeaderView.swift in Sources */,
				70572CCB227475E800297421 /* HoldingCell.swift in Sources */,
				7016B4B522830B0E000C49B8 /* CurrencyDto.swift in Sources */,
				70A6D09A22C14BD8008F1F1A /* Repository.swift in Sources */,
				657B69312284354500D7A5AF /* CurrenciesController.swift in Sources */,
				70FBB96A228B14610086E208 /* HoldingTopCell.swift in Sources */,
				707FB21222773DF8005B29A2 /* ColorCodeCell.swift in Sources */,
				70572CC12273A1E100297421 /* HoldingController.swift in Sources */,
				707E5E432285C85E00D4ED33 /* CurrencyUserDefaults.swift in Sources */,
				707FB20E22773DE0005B29A2 /* TotalValueCell.swift in Sources */,
				70A6D09E22C14C1C008F1F1A /* PortfolioRepositoryImpl.swift in Sources */,
				707E5E452285C95800D4ED33 /* Currencies.swift in Sources */,
				70572CBD2273A1B400297421 /* DashboardController.swift in Sources */,
				70FBB966228B08790086E208 /* BlockstackApiService.swift in Sources */,
				70072090227ADA3A003F3DEF /* SettingsCell.swift in Sources */,
				70AD5C4222790EB000A9E164 /* ColorCodePresetCell.swift in Sources */,
				7016B4AF22830737000C49B8 /* BaseApiService.swift in Sources */,
				7073A69B22806BAE00049A2E /* TransactionDto.swift in Sources */,
				657B6933228436A800D7A5AF /* CurrencyCell.swift in Sources */,
				653D70DD229EC54E000A4049 /* Parser.swift in Sources */,
				70A6D0A222C14C6F008F1F1A /* PortfolioUseCase.swift in Sources */,
				70A6D09722C14BB5008F1F1A /* PortfolioRepository.swift in Sources */,
				707E5E492286C7D700D4ED33 /* DashboardTopCell.swift in Sources */,
				7073A69922806A6600049A2E /* TransactionNameCell.swift in Sources */,
				70572CC32273A25600297421 /* CreateHoldingController.swift in Sources */,
				7016B4B12283076D000C49B8 /* CurrencyApiService.swift in Sources */,
				702B2D26227F9CAA005C0B64 /* Colors.swift in Sources */,
				70572CB92273A19500297421 /* LaunchController.swift in Sources */,
				70572CC72273A28700297421 /* ColorCodesController.swift in Sources */,
				700BDDF9227A297600276068 /* TransactionCell.swift in Sources */,
				7016B4B322830880000C49B8 /* Currency.swift in Sources */,
				7016B4AA2282EBC3000C49B8 /* TransactionTypeCell.swift in Sources */,
				7016B4AD2283070B000C49B8 /* ApiManager.swift in Sources */,
				70D7F0B622D37AEC004E8BAE /* ETHCell.swift in Sources */,
				70E96B362272E7F700A5EB54 /* AppDelegate.swift in Sources */,
				65E95BEA229FCA6B00E9A442 /* db.xcdatamodeld in Sources */,
			);
			runOnlyForDeploymentPostprocessing = 0;
		};
		70E96B422272E7F900A5EB54 /* Sources */ = {
			isa = PBXSourcesBuildPhase;
			buildActionMask = 2147483647;
			files = (
				70E96B4B2272E7F900A5EB54 /* LannisterTests.swift in Sources */,
			);
			runOnlyForDeploymentPostprocessing = 0;
		};
		70E96B4D2272E7F900A5EB54 /* Sources */ = {
			isa = PBXSourcesBuildPhase;
			buildActionMask = 2147483647;
			files = (
				70E96B562272E7F900A5EB54 /* LannisterUITests.swift in Sources */,
			);
			runOnlyForDeploymentPostprocessing = 0;
		};
/* End PBXSourcesBuildPhase section */

/* Begin PBXTargetDependency section */
		70E96B482272E7F900A5EB54 /* PBXTargetDependency */ = {
			isa = PBXTargetDependency;
			target = 70E96B312272E7F700A5EB54 /* Lannister */;
			targetProxy = 70E96B472272E7F900A5EB54 /* PBXContainerItemProxy */;
		};
		70E96B532272E7F900A5EB54 /* PBXTargetDependency */ = {
			isa = PBXTargetDependency;
			target = 70E96B312272E7F700A5EB54 /* Lannister */;
			targetProxy = 70E96B522272E7F900A5EB54 /* PBXContainerItemProxy */;
		};
/* End PBXTargetDependency section */

/* Begin PBXVariantGroup section */
		70E96B392272E7F700A5EB54 /* Main.storyboard */ = {
			isa = PBXVariantGroup;
			children = (
				70E96B3A2272E7F700A5EB54 /* Base */,
			);
			name = Main.storyboard;
			sourceTree = "<group>";
		};
		70E96B3E2272E7F900A5EB54 /* LaunchScreen.storyboard */ = {
			isa = PBXVariantGroup;
			children = (
				70E96B3F2272E7F900A5EB54 /* Base */,
			);
			name = LaunchScreen.storyboard;
			sourceTree = "<group>";
		};
/* End PBXVariantGroup section */

/* Begin XCBuildConfiguration section */
		70A6D08E22C13FAC008F1F1A /* Debug */ = {
			isa = XCBuildConfiguration;
			baseConfigurationReference = B85A37E13DD7230EC18E5F9F /* Pods-Lannister Beta.debug.xcconfig */;
			buildSettings = {
				ASSETCATALOG_COMPILER_APPICON_NAME = AppIcon;
				CODE_SIGN_STYLE = Automatic;
				DEVELOPMENT_TEAM = 57JMDA279Y;
				INFOPLIST_FILE = "Lannister/Info-dev.plist";
				IPHONEOS_DEPLOYMENT_TARGET = 11.0;
				LD_RUNPATH_SEARCH_PATHS = (
					"$(inherited)",
					"@executable_path/Frameworks",
				);
				PRODUCT_BUNDLE_IDENTIFIER = "com.lannister-capital.Lannister-beta";
				PRODUCT_NAME = "$(TARGET_NAME)";
				SWIFT_VERSION = 5.0;
				TARGETED_DEVICE_FAMILY = 1;
			};
			name = Debug;
		};
		70A6D08F22C13FAC008F1F1A /* Release */ = {
			isa = XCBuildConfiguration;
			baseConfigurationReference = 2BEADF46EA2A6A926563CD08 /* Pods-Lannister Beta.release.xcconfig */;
			buildSettings = {
				ASSETCATALOG_COMPILER_APPICON_NAME = AppIcon;
				CODE_SIGN_STYLE = Automatic;
				DEVELOPMENT_TEAM = 57JMDA279Y;
				INFOPLIST_FILE = "Lannister/Info-dev.plist";
				IPHONEOS_DEPLOYMENT_TARGET = 11.0;
				LD_RUNPATH_SEARCH_PATHS = (
					"$(inherited)",
					"@executable_path/Frameworks",
				);
				PRODUCT_BUNDLE_IDENTIFIER = "com.lannister-capital.Lannister-beta";
				PRODUCT_NAME = "$(TARGET_NAME)";
				SWIFT_VERSION = 5.0;
				TARGETED_DEVICE_FAMILY = 1;
			};
			name = Release;
		};
		70E96B582272E7F900A5EB54 /* Debug */ = {
			isa = XCBuildConfiguration;
			buildSettings = {
				ALWAYS_SEARCH_USER_PATHS = NO;
				CLANG_ANALYZER_NONNULL = YES;
				CLANG_ANALYZER_NUMBER_OBJECT_CONVERSION = YES_AGGRESSIVE;
				CLANG_CXX_LANGUAGE_STANDARD = "gnu++14";
				CLANG_CXX_LIBRARY = "libc++";
				CLANG_ENABLE_MODULES = YES;
				CLANG_ENABLE_OBJC_ARC = YES;
				CLANG_ENABLE_OBJC_WEAK = YES;
				CLANG_WARN_BLOCK_CAPTURE_AUTORELEASING = YES;
				CLANG_WARN_BOOL_CONVERSION = YES;
				CLANG_WARN_COMMA = YES;
				CLANG_WARN_CONSTANT_CONVERSION = YES;
				CLANG_WARN_DEPRECATED_OBJC_IMPLEMENTATIONS = YES;
				CLANG_WARN_DIRECT_OBJC_ISA_USAGE = YES_ERROR;
				CLANG_WARN_DOCUMENTATION_COMMENTS = YES;
				CLANG_WARN_EMPTY_BODY = YES;
				CLANG_WARN_ENUM_CONVERSION = YES;
				CLANG_WARN_INFINITE_RECURSION = YES;
				CLANG_WARN_INT_CONVERSION = YES;
				CLANG_WARN_NON_LITERAL_NULL_CONVERSION = YES;
				CLANG_WARN_OBJC_IMPLICIT_RETAIN_SELF = YES;
				CLANG_WARN_OBJC_LITERAL_CONVERSION = YES;
				CLANG_WARN_OBJC_ROOT_CLASS = YES_ERROR;
				CLANG_WARN_RANGE_LOOP_ANALYSIS = YES;
				CLANG_WARN_STRICT_PROTOTYPES = YES;
				CLANG_WARN_SUSPICIOUS_MOVE = YES;
				CLANG_WARN_UNGUARDED_AVAILABILITY = YES_AGGRESSIVE;
				CLANG_WARN_UNREACHABLE_CODE = YES;
				CLANG_WARN__DUPLICATE_METHOD_MATCH = YES;
				CODE_SIGN_IDENTITY = "iPhone Developer";
				COPY_PHASE_STRIP = NO;
				DEBUG_INFORMATION_FORMAT = dwarf;
				ENABLE_STRICT_OBJC_MSGSEND = YES;
				ENABLE_TESTABILITY = YES;
				GCC_C_LANGUAGE_STANDARD = gnu11;
				GCC_DYNAMIC_NO_PIC = NO;
				GCC_NO_COMMON_BLOCKS = YES;
				GCC_OPTIMIZATION_LEVEL = 0;
				GCC_PREPROCESSOR_DEFINITIONS = (
					"DEBUG=1",
					"$(inherited)",
				);
				GCC_WARN_64_TO_32_BIT_CONVERSION = YES;
				GCC_WARN_ABOUT_RETURN_TYPE = YES_ERROR;
				GCC_WARN_UNDECLARED_SELECTOR = YES;
				GCC_WARN_UNINITIALIZED_AUTOS = YES_AGGRESSIVE;
				GCC_WARN_UNUSED_FUNCTION = YES;
				GCC_WARN_UNUSED_VARIABLE = YES;
				IPHONEOS_DEPLOYMENT_TARGET = 12.2;
				MTL_ENABLE_DEBUG_INFO = INCLUDE_SOURCE;
				MTL_FAST_MATH = YES;
				ONLY_ACTIVE_ARCH = YES;
				SDKROOT = iphoneos;
				SWIFT_ACTIVE_COMPILATION_CONDITIONS = DEBUG;
				SWIFT_OPTIMIZATION_LEVEL = "-Onone";
			};
			name = Debug;
		};
		70E96B592272E7F900A5EB54 /* Release */ = {
			isa = XCBuildConfiguration;
			buildSettings = {
				ALWAYS_SEARCH_USER_PATHS = NO;
				CLANG_ANALYZER_NONNULL = YES;
				CLANG_ANALYZER_NUMBER_OBJECT_CONVERSION = YES_AGGRESSIVE;
				CLANG_CXX_LANGUAGE_STANDARD = "gnu++14";
				CLANG_CXX_LIBRARY = "libc++";
				CLANG_ENABLE_MODULES = YES;
				CLANG_ENABLE_OBJC_ARC = YES;
				CLANG_ENABLE_OBJC_WEAK = YES;
				CLANG_WARN_BLOCK_CAPTURE_AUTORELEASING = YES;
				CLANG_WARN_BOOL_CONVERSION = YES;
				CLANG_WARN_COMMA = YES;
				CLANG_WARN_CONSTANT_CONVERSION = YES;
				CLANG_WARN_DEPRECATED_OBJC_IMPLEMENTATIONS = YES;
				CLANG_WARN_DIRECT_OBJC_ISA_USAGE = YES_ERROR;
				CLANG_WARN_DOCUMENTATION_COMMENTS = YES;
				CLANG_WARN_EMPTY_BODY = YES;
				CLANG_WARN_ENUM_CONVERSION = YES;
				CLANG_WARN_INFINITE_RECURSION = YES;
				CLANG_WARN_INT_CONVERSION = YES;
				CLANG_WARN_NON_LITERAL_NULL_CONVERSION = YES;
				CLANG_WARN_OBJC_IMPLICIT_RETAIN_SELF = YES;
				CLANG_WARN_OBJC_LITERAL_CONVERSION = YES;
				CLANG_WARN_OBJC_ROOT_CLASS = YES_ERROR;
				CLANG_WARN_RANGE_LOOP_ANALYSIS = YES;
				CLANG_WARN_STRICT_PROTOTYPES = YES;
				CLANG_WARN_SUSPICIOUS_MOVE = YES;
				CLANG_WARN_UNGUARDED_AVAILABILITY = YES_AGGRESSIVE;
				CLANG_WARN_UNREACHABLE_CODE = YES;
				CLANG_WARN__DUPLICATE_METHOD_MATCH = YES;
				CODE_SIGN_IDENTITY = "iPhone Developer";
				COPY_PHASE_STRIP = NO;
				DEBUG_INFORMATION_FORMAT = "dwarf-with-dsym";
				ENABLE_NS_ASSERTIONS = NO;
				ENABLE_STRICT_OBJC_MSGSEND = YES;
				GCC_C_LANGUAGE_STANDARD = gnu11;
				GCC_NO_COMMON_BLOCKS = YES;
				GCC_WARN_64_TO_32_BIT_CONVERSION = YES;
				GCC_WARN_ABOUT_RETURN_TYPE = YES_ERROR;
				GCC_WARN_UNDECLARED_SELECTOR = YES;
				GCC_WARN_UNINITIALIZED_AUTOS = YES_AGGRESSIVE;
				GCC_WARN_UNUSED_FUNCTION = YES;
				GCC_WARN_UNUSED_VARIABLE = YES;
				IPHONEOS_DEPLOYMENT_TARGET = 12.2;
				MTL_ENABLE_DEBUG_INFO = NO;
				MTL_FAST_MATH = YES;
				SDKROOT = iphoneos;
				SWIFT_COMPILATION_MODE = wholemodule;
				SWIFT_OPTIMIZATION_LEVEL = "-O";
				VALIDATE_PRODUCT = YES;
			};
			name = Release;
		};
		70E96B5B2272E7F900A5EB54 /* Debug */ = {
			isa = XCBuildConfiguration;
			baseConfigurationReference = BD3C1907A3685BF77BB6A161 /* Pods-Lannister.debug.xcconfig */;
			buildSettings = {
				ASSETCATALOG_COMPILER_APPICON_NAME = AppIcon;
				CODE_SIGN_STYLE = Automatic;
				DEVELOPMENT_TEAM = 57JMDA279Y;
				INFOPLIST_FILE = Lannister/Info.plist;
				IPHONEOS_DEPLOYMENT_TARGET = 11.0;
				LD_RUNPATH_SEARCH_PATHS = (
					"$(inherited)",
					"@executable_path/Frameworks",
				);
				PRODUCT_BUNDLE_IDENTIFIER = "com.lannister-capital.Lannister";
				PRODUCT_NAME = "$(TARGET_NAME)";
				SWIFT_VERSION = 5.0;
				TARGETED_DEVICE_FAMILY = 1;
			};
			name = Debug;
		};
		70E96B5C2272E7F900A5EB54 /* Release */ = {
			isa = XCBuildConfiguration;
			baseConfigurationReference = 884045C1090CD49292E75A83 /* Pods-Lannister.release.xcconfig */;
			buildSettings = {
				ASSETCATALOG_COMPILER_APPICON_NAME = AppIcon;
				CODE_SIGN_STYLE = Automatic;
				DEVELOPMENT_TEAM = 57JMDA279Y;
				INFOPLIST_FILE = Lannister/Info.plist;
				IPHONEOS_DEPLOYMENT_TARGET = 11.0;
				LD_RUNPATH_SEARCH_PATHS = (
					"$(inherited)",
					"@executable_path/Frameworks",
				);
				PRODUCT_BUNDLE_IDENTIFIER = "com.lannister-capital.Lannister";
				PRODUCT_NAME = "$(TARGET_NAME)";
				SWIFT_VERSION = 5.0;
				TARGETED_DEVICE_FAMILY = 1;
			};
			name = Release;
		};
		70E96B5E2272E7F900A5EB54 /* Debug */ = {
			isa = XCBuildConfiguration;
			baseConfigurationReference = 6B7F6DB0CF0AE1E4D5DD38C4 /* Pods-LannisterTests.debug.xcconfig */;
			buildSettings = {
				ALWAYS_EMBED_SWIFT_STANDARD_LIBRARIES = YES;
				BUNDLE_LOADER = "$(TEST_HOST)";
				CODE_SIGN_STYLE = Automatic;
				DEVELOPMENT_TEAM = W8HD2MKT2G;
				INFOPLIST_FILE = LannisterTests/Info.plist;
				LD_RUNPATH_SEARCH_PATHS = (
					"$(inherited)",
					"@executable_path/Frameworks",
					"@loader_path/Frameworks",
				);
				PRODUCT_BUNDLE_IDENTIFIER = com.lannister.LannisterTests;
				PRODUCT_NAME = "$(TARGET_NAME)";
				SWIFT_VERSION = 5.0;
				TARGETED_DEVICE_FAMILY = "1,2";
				TEST_HOST = "$(BUILT_PRODUCTS_DIR)/Lannister.app/Lannister";
			};
			name = Debug;
		};
		70E96B5F2272E7F900A5EB54 /* Release */ = {
			isa = XCBuildConfiguration;
			baseConfigurationReference = 47B3E3B662D783585CF8FEEF /* Pods-LannisterTests.release.xcconfig */;
			buildSettings = {
				ALWAYS_EMBED_SWIFT_STANDARD_LIBRARIES = YES;
				BUNDLE_LOADER = "$(TEST_HOST)";
				CODE_SIGN_STYLE = Automatic;
				DEVELOPMENT_TEAM = W8HD2MKT2G;
				INFOPLIST_FILE = LannisterTests/Info.plist;
				LD_RUNPATH_SEARCH_PATHS = (
					"$(inherited)",
					"@executable_path/Frameworks",
					"@loader_path/Frameworks",
				);
				PRODUCT_BUNDLE_IDENTIFIER = com.lannister.LannisterTests;
				PRODUCT_NAME = "$(TARGET_NAME)";
				SWIFT_VERSION = 5.0;
				TARGETED_DEVICE_FAMILY = "1,2";
				TEST_HOST = "$(BUILT_PRODUCTS_DIR)/Lannister.app/Lannister";
			};
			name = Release;
		};
		70E96B612272E7F900A5EB54 /* Debug */ = {
			isa = XCBuildConfiguration;
			baseConfigurationReference = 986DDED2C135F4193BC8B943 /* Pods-LannisterUITests.debug.xcconfig */;
			buildSettings = {
				ALWAYS_EMBED_SWIFT_STANDARD_LIBRARIES = YES;
				CODE_SIGN_STYLE = Automatic;
				DEVELOPMENT_TEAM = W8HD2MKT2G;
				INFOPLIST_FILE = LannisterUITests/Info.plist;
				LD_RUNPATH_SEARCH_PATHS = (
					"$(inherited)",
					"@executable_path/Frameworks",
					"@loader_path/Frameworks",
				);
				PRODUCT_BUNDLE_IDENTIFIER = com.lannister.LannisterUITests;
				PRODUCT_NAME = "$(TARGET_NAME)";
				SWIFT_VERSION = 5.0;
				TARGETED_DEVICE_FAMILY = "1,2";
				TEST_TARGET_NAME = Lannister;
			};
			name = Debug;
		};
		70E96B622272E7F900A5EB54 /* Release */ = {
			isa = XCBuildConfiguration;
			baseConfigurationReference = C54D0B245B43BB9320917656 /* Pods-LannisterUITests.release.xcconfig */;
			buildSettings = {
				ALWAYS_EMBED_SWIFT_STANDARD_LIBRARIES = YES;
				CODE_SIGN_STYLE = Automatic;
				DEVELOPMENT_TEAM = W8HD2MKT2G;
				INFOPLIST_FILE = LannisterUITests/Info.plist;
				LD_RUNPATH_SEARCH_PATHS = (
					"$(inherited)",
					"@executable_path/Frameworks",
					"@loader_path/Frameworks",
				);
				PRODUCT_BUNDLE_IDENTIFIER = com.lannister.LannisterUITests;
				PRODUCT_NAME = "$(TARGET_NAME)";
				SWIFT_VERSION = 5.0;
				TARGETED_DEVICE_FAMILY = "1,2";
				TEST_TARGET_NAME = Lannister;
			};
			name = Release;
		};
/* End XCBuildConfiguration section */

/* Begin XCConfigurationList section */
		70A6D08D22C13FAC008F1F1A /* Build configuration list for PBXNativeTarget "Lannister Beta" */ = {
			isa = XCConfigurationList;
			buildConfigurations = (
				70A6D08E22C13FAC008F1F1A /* Debug */,
				70A6D08F22C13FAC008F1F1A /* Release */,
			);
			defaultConfigurationIsVisible = 0;
			defaultConfigurationName = Release;
		};
		70E96B2D2272E7F700A5EB54 /* Build configuration list for PBXProject "Lannister" */ = {
			isa = XCConfigurationList;
			buildConfigurations = (
				70E96B582272E7F900A5EB54 /* Debug */,
				70E96B592272E7F900A5EB54 /* Release */,
			);
			defaultConfigurationIsVisible = 0;
			defaultConfigurationName = Release;
		};
		70E96B5A2272E7F900A5EB54 /* Build configuration list for PBXNativeTarget "Lannister" */ = {
			isa = XCConfigurationList;
			buildConfigurations = (
				70E96B5B2272E7F900A5EB54 /* Debug */,
				70E96B5C2272E7F900A5EB54 /* Release */,
			);
			defaultConfigurationIsVisible = 0;
			defaultConfigurationName = Release;
		};
		70E96B5D2272E7F900A5EB54 /* Build configuration list for PBXNativeTarget "LannisterTests" */ = {
			isa = XCConfigurationList;
			buildConfigurations = (
				70E96B5E2272E7F900A5EB54 /* Debug */,
				70E96B5F2272E7F900A5EB54 /* Release */,
			);
			defaultConfigurationIsVisible = 0;
			defaultConfigurationName = Release;
		};
		70E96B602272E7F900A5EB54 /* Build configuration list for PBXNativeTarget "LannisterUITests" */ = {
			isa = XCConfigurationList;
			buildConfigurations = (
				70E96B612272E7F900A5EB54 /* Debug */,
				70E96B622272E7F900A5EB54 /* Release */,
			);
			defaultConfigurationIsVisible = 0;
			defaultConfigurationName = Release;
		};
/* End XCConfigurationList section */

/* Begin XCVersionGroup section */
		65E95BE8229FCA6B00E9A442 /* db.xcdatamodeld */ = {
			isa = XCVersionGroup;
			children = (
				65E95BE9229FCA6B00E9A442 /* db.xcdatamodel */,
			);
			currentVersion = 65E95BE9229FCA6B00E9A442 /* db.xcdatamodel */;
			path = db.xcdatamodeld;
			sourceTree = "<group>";
			versionGroupType = wrapper.xcdatamodel;
		};
/* End XCVersionGroup section */
	};
	rootObject = 70E96B2A2272E7F700A5EB54 /* Project object */;
}
